// !$*UTF8*$!
{
	archiveVersion = 1;
	classes = {
	};
	objectVersion = 46;
	objects = {

/* Begin PBXBuildFile section */
		28CD7CE9155EE88C00892383 /* EMTLConstants.m in Sources */ = {isa = PBXBuildFile; fileRef = 28CD7CE8155EE88C00892383 /* EMTLConstants.m */; };
		28CD7CF1155F21B500892383 /* EMTLPhotoCell.m in Sources */ = {isa = PBXBuildFile; fileRef = 28CD7CF0155F21B500892383 /* EMTLPhotoCell.m */; };
		EB14ED661579800A00724F0C /* EMTLFlickrSetFavoriteStateOperation.m in Sources */ = {isa = PBXBuildFile; fileRef = EB14ED651579800A00724F0C /* EMTLFlickrSetFavoriteStateOperation.m */; };
		EB14ED6D15798DE100724F0C /* EMTLUser.m in Sources */ = {isa = PBXBuildFile; fileRef = EB14ED6C15798DE100724F0C /* EMTLUser.m */; };
		EB14EDCF157E95C200724F0C /* EMTLBackgroundConnection.m in Sources */ = {isa = PBXBuildFile; fileRef = EB14EDCE157E95C200724F0C /* EMTLBackgroundConnection.m */; };
		EB14EDD2157E970300724F0C /* EMTLDownloadOperation.m in Sources */ = {isa = PBXBuildFile; fileRef = EB14EDD1157E970300724F0C /* EMTLDownloadOperation.m */; };
		EB14EDD5157EB61000724F0C /* EMTLFlickrFetchLocationOperation.m in Sources */ = {isa = PBXBuildFile; fileRef = EB14EDD4157EB60F00724F0C /* EMTLFlickrFetchLocationOperation.m */; };
		EB14EDD8157EBBBF00724F0C /* EMTLMagicUserList.m in Sources */ = {isa = PBXBuildFile; fileRef = EB14EDD7157EBBBF00724F0C /* EMTLMagicUserList.m */; };
		EB14EDDA157EC2FB00724F0C /* CoreText.framework in Frameworks */ = {isa = PBXBuildFile; fileRef = EB14EDD9157EC2FB00724F0C /* CoreText.framework */; };
		EB1FF975157D444A009DA624 /* EMTLFlickrFetchUserOperation.m in Sources */ = {isa = PBXBuildFile; fileRef = EB1FF974157D444A009DA624 /* EMTLFlickrFetchUserOperation.m */; };
		EB5221F115377A3A00785F97 /* UIKit.framework in Frameworks */ = {isa = PBXBuildFile; fileRef = EB5221F015377A3A00785F97 /* UIKit.framework */; };
		EB5221F315377A3A00785F97 /* Foundation.framework in Frameworks */ = {isa = PBXBuildFile; fileRef = EB5221F215377A3A00785F97 /* Foundation.framework */; };
		EB5221F515377A3A00785F97 /* CoreGraphics.framework in Frameworks */ = {isa = PBXBuildFile; fileRef = EB5221F415377A3A00785F97 /* CoreGraphics.framework */; };
		EB5221F715377A3A00785F97 /* CoreData.framework in Frameworks */ = {isa = PBXBuildFile; fileRef = EB5221F615377A3A00785F97 /* CoreData.framework */; };
		EB5221FD15377A3A00785F97 /* InfoPlist.strings in Resources */ = {isa = PBXBuildFile; fileRef = EB5221FB15377A3A00785F97 /* InfoPlist.strings */; };
		EB5221FF15377A3A00785F97 /* main.m in Sources */ = {isa = PBXBuildFile; fileRef = EB5221FE15377A3A00785F97 /* main.m */; };
		EB52220315377A3A00785F97 /* EMTLAppDelegate.m in Sources */ = {isa = PBXBuildFile; fileRef = EB52220215377A3A00785F97 /* EMTLAppDelegate.m */; };
		EB52220E15377A3A00785F97 /* SenTestingKit.framework in Frameworks */ = {isa = PBXBuildFile; fileRef = EB52220D15377A3A00785F97 /* SenTestingKit.framework */; };
		EB52220F15377A3A00785F97 /* UIKit.framework in Frameworks */ = {isa = PBXBuildFile; fileRef = EB5221F015377A3A00785F97 /* UIKit.framework */; };
		EB52221015377A3A00785F97 /* Foundation.framework in Frameworks */ = {isa = PBXBuildFile; fileRef = EB5221F215377A3A00785F97 /* Foundation.framework */; };
		EB52221115377A3A00785F97 /* CoreData.framework in Frameworks */ = {isa = PBXBuildFile; fileRef = EB5221F615377A3A00785F97 /* CoreData.framework */; };
		EB52221915377A3A00785F97 /* InfoPlist.strings in Resources */ = {isa = PBXBuildFile; fileRef = EB52221715377A3A00785F97 /* InfoPlist.strings */; };
		EB52221C15377A3A00785F97 /* TempestTests.m in Sources */ = {isa = PBXBuildFile; fileRef = EB52221B15377A3A00785F97 /* TempestTests.m */; };
		EB69B1F7153CD26D003D8422 /* EMTLPhotoListViewController.m in Sources */ = {isa = PBXBuildFile; fileRef = EB69B1F3153CD26D003D8422 /* EMTLPhotoListViewController.m */; };
		EB69B1FD153CD42A003D8422 /* EMTLPhotoListViewController.m in Sources */ = {isa = PBXBuildFile; fileRef = EB69B1F3153CD26D003D8422 /* EMTLPhotoListViewController.m */; };
		EB69B241153CD46B003D8422 /* NSMutableURLRequest+Parameters.m in Sources */ = {isa = PBXBuildFile; fileRef = EB69B204153CD46B003D8422 /* NSMutableURLRequest+Parameters.m */; settings = {COMPILER_FLAGS = "-fno-objc-arc"; }; };
		EB69B242153CD46B003D8422 /* NSString+URLEncoding.m in Sources */ = {isa = PBXBuildFile; fileRef = EB69B206153CD46B003D8422 /* NSString+URLEncoding.m */; settings = {COMPILER_FLAGS = "-fno-objc-arc"; }; };
		EB69B243153CD46B003D8422 /* NSURL+Base.m in Sources */ = {isa = PBXBuildFile; fileRef = EB69B208153CD46B003D8422 /* NSURL+Base.m */; settings = {COMPILER_FLAGS = "-fno-objc-arc"; }; };
		EB69B244153CD46B003D8422 /* Base64Transcoder.c in Sources */ = {isa = PBXBuildFile; fileRef = EB69B20A153CD46B003D8422 /* Base64Transcoder.c */; settings = {COMPILER_FLAGS = "-fno-objc-arc"; }; };
		EB69B245153CD46B003D8422 /* hmac.c in Sources */ = {isa = PBXBuildFile; fileRef = EB69B20C153CD46B003D8422 /* hmac.c */; settings = {COMPILER_FLAGS = "-fno-objc-arc"; }; };
		EB69B246153CD46B003D8422 /* sha1.c in Sources */ = {isa = PBXBuildFile; fileRef = EB69B20E153CD46B003D8422 /* sha1.c */; settings = {COMPILER_FLAGS = "-fno-objc-arc"; }; };
		EB69B247153CD46B003D8422 /* OAAttachment.m in Sources */ = {isa = PBXBuildFile; fileRef = EB69B211153CD46B003D8422 /* OAAttachment.m */; settings = {COMPILER_FLAGS = "-fno-objc-arc"; }; };
		EB69B248153CD46B003D8422 /* OACall.m in Sources */ = {isa = PBXBuildFile; fileRef = EB69B213153CD46B003D8422 /* OACall.m */; settings = {COMPILER_FLAGS = "-fno-objc-arc"; }; };
		EB69B249153CD46B003D8422 /* OAConsumer.m in Sources */ = {isa = PBXBuildFile; fileRef = EB69B215153CD46B003D8422 /* OAConsumer.m */; settings = {COMPILER_FLAGS = "-fno-objc-arc"; }; };
		EB69B24A153CD46B003D8422 /* OADataFetcher.m in Sources */ = {isa = PBXBuildFile; fileRef = EB69B217153CD46B003D8422 /* OADataFetcher.m */; settings = {COMPILER_FLAGS = "-fno-objc-arc"; }; };
		EB69B24B153CD46B003D8422 /* OAHMAC_SHA1SignatureProvider.m in Sources */ = {isa = PBXBuildFile; fileRef = EB69B219153CD46B003D8422 /* OAHMAC_SHA1SignatureProvider.m */; settings = {COMPILER_FLAGS = "-fno-objc-arc"; }; };
		EB69B24C153CD46B003D8422 /* OAMutableURLRequest.m in Sources */ = {isa = PBXBuildFile; fileRef = EB69B21B153CD46B003D8422 /* OAMutableURLRequest.m */; settings = {COMPILER_FLAGS = "-fno-objc-arc"; }; };
		EB69B24D153CD46B003D8422 /* OAPlaintextSignatureProvider.m in Sources */ = {isa = PBXBuildFile; fileRef = EB69B21D153CD46B003D8422 /* OAPlaintextSignatureProvider.m */; settings = {COMPILER_FLAGS = "-fno-objc-arc"; }; };
		EB69B24E153CD46B003D8422 /* OAProblem.m in Sources */ = {isa = PBXBuildFile; fileRef = EB69B21F153CD46B003D8422 /* OAProblem.m */; settings = {COMPILER_FLAGS = "-fno-objc-arc"; }; };
		EB69B24F153CD46B003D8422 /* OARequestParameter.m in Sources */ = {isa = PBXBuildFile; fileRef = EB69B221153CD46B003D8422 /* OARequestParameter.m */; settings = {COMPILER_FLAGS = "-fno-objc-arc"; }; };
		EB69B250153CD46B003D8422 /* OAServiceTicket.m in Sources */ = {isa = PBXBuildFile; fileRef = EB69B223153CD46B003D8422 /* OAServiceTicket.m */; settings = {COMPILER_FLAGS = "-fno-objc-arc"; }; };
		EB69B251153CD46B003D8422 /* OATestServer.rb in Resources */ = {isa = PBXBuildFile; fileRef = EB69B225153CD46B003D8422 /* OATestServer.rb */; };
		EB69B252153CD46B003D8422 /* OAToken.m in Sources */ = {isa = PBXBuildFile; fileRef = EB69B227153CD46B003D8422 /* OAToken.m */; settings = {COMPILER_FLAGS = "-fno-objc-arc"; }; };
		EB69B253153CD46B003D8422 /* OATokenManager.m in Sources */ = {isa = PBXBuildFile; fileRef = EB69B229153CD46B003D8422 /* OATokenManager.m */; settings = {COMPILER_FLAGS = "-fno-objc-arc"; }; };
		EB69B254153CD46B003D8422 /* README in Resources */ = {isa = PBXBuildFile; fileRef = EB69B22B153CD46B003D8422 /* README */; };
		EB69B286153CDE2E003D8422 /* Security.framework in Frameworks */ = {isa = PBXBuildFile; fileRef = EB69B285153CDE2E003D8422 /* Security.framework */; };
		EB69B288153CDE3A003D8422 /* CFNetwork.framework in Frameworks */ = {isa = PBXBuildFile; fileRef = EB69B287153CDE3A003D8422 /* CFNetwork.framework */; };
		EB69B28A153CDE40003D8422 /* libxml2.dylib in Frameworks */ = {isa = PBXBuildFile; fileRef = EB69B289153CDE40003D8422 /* libxml2.dylib */; };
		EB69B28C153CDE59003D8422 /* SystemConfiguration.framework in Frameworks */ = {isa = PBXBuildFile; fileRef = EB69B28B153CDE59003D8422 /* SystemConfiguration.framework */; };
		EB88B5EE1546247D00E6A6EE /* PolaroidTextured4.png in Resources */ = {isa = PBXBuildFile; fileRef = EB88B5EC1546247D00E6A6EE /* PolaroidTextured4.png */; };
		EB88B5EF1546247D00E6A6EE /* PolaroidTextured4@2x.png in Resources */ = {isa = PBXBuildFile; fileRef = EB88B5ED1546247D00E6A6EE /* PolaroidTextured4@2x.png */; };
		EB8AA18B1540D1F6004C6DF8 /* Small-0.png in Resources */ = {isa = PBXBuildFile; fileRef = EB8AA1791540D1F6004C6DF8 /* Small-0.png */; };
		EB8AA18C1540D1F6004C6DF8 /* Small-0@2x.png in Resources */ = {isa = PBXBuildFile; fileRef = EB8AA17A1540D1F6004C6DF8 /* Small-0@2x.png */; };
		EB8AA18D1540D1F6004C6DF8 /* Small-1.png in Resources */ = {isa = PBXBuildFile; fileRef = EB8AA17B1540D1F6004C6DF8 /* Small-1.png */; };
		EB8AA18E1540D1F6004C6DF8 /* Small-1@2x.png in Resources */ = {isa = PBXBuildFile; fileRef = EB8AA17C1540D1F6004C6DF8 /* Small-1@2x.png */; };
		EB8AA18F1540D1F6004C6DF8 /* Small-2.png in Resources */ = {isa = PBXBuildFile; fileRef = EB8AA17D1540D1F6004C6DF8 /* Small-2.png */; };
		EB8AA1901540D1F6004C6DF8 /* Small-2@2x.png in Resources */ = {isa = PBXBuildFile; fileRef = EB8AA17E1540D1F6004C6DF8 /* Small-2@2x.png */; };
		EB8AA1911540D1F6004C6DF8 /* Small-3.png in Resources */ = {isa = PBXBuildFile; fileRef = EB8AA17F1540D1F6004C6DF8 /* Small-3.png */; };
		EB8AA1921540D1F6004C6DF8 /* Small-3@2x.png in Resources */ = {isa = PBXBuildFile; fileRef = EB8AA1801540D1F6004C6DF8 /* Small-3@2x.png */; };
		EB8AA1931540D1F6004C6DF8 /* Small-4.png in Resources */ = {isa = PBXBuildFile; fileRef = EB8AA1811540D1F6004C6DF8 /* Small-4.png */; };
		EB8AA1941540D1F6004C6DF8 /* Small-4@2x.png in Resources */ = {isa = PBXBuildFile; fileRef = EB8AA1821540D1F6004C6DF8 /* Small-4@2x.png */; };
		EB8AA1951540D1F6004C6DF8 /* Small-5.png in Resources */ = {isa = PBXBuildFile; fileRef = EB8AA1831540D1F6004C6DF8 /* Small-5.png */; };
		EB8AA1961540D1F6004C6DF8 /* Small-5@2x.png in Resources */ = {isa = PBXBuildFile; fileRef = EB8AA1841540D1F6004C6DF8 /* Small-5@2x.png */; };
		EB8AA1971540D1F6004C6DF8 /* Small-6.png in Resources */ = {isa = PBXBuildFile; fileRef = EB8AA1851540D1F6004C6DF8 /* Small-6.png */; };
		EB8AA1981540D1F6004C6DF8 /* Small-6@2x.png in Resources */ = {isa = PBXBuildFile; fileRef = EB8AA1861540D1F6004C6DF8 /* Small-6@2x.png */; };
		EB8AA1991540D1F6004C6DF8 /* Small-7.png in Resources */ = {isa = PBXBuildFile; fileRef = EB8AA1871540D1F6004C6DF8 /* Small-7.png */; };
		EB8AA19A1540D1F6004C6DF8 /* Small-7@2x.png in Resources */ = {isa = PBXBuildFile; fileRef = EB8AA1881540D1F6004C6DF8 /* Small-7@2x.png */; };
		EB8AA19B1540D1F6004C6DF8 /* Small-8.png in Resources */ = {isa = PBXBuildFile; fileRef = EB8AA1891540D1F6004C6DF8 /* Small-8.png */; };
		EB8AA19C1540D1F6004C6DF8 /* Small-8@2x.png in Resources */ = {isa = PBXBuildFile; fileRef = EB8AA18A1540D1F6004C6DF8 /* Small-8@2x.png */; };
		EB8AA1AB1540E32A004C6DF8 /* Small-9.png in Resources */ = {isa = PBXBuildFile; fileRef = EB8AA19D1540E32A004C6DF8 /* Small-9.png */; };
		EB8AA1AC1540E32A004C6DF8 /* Small-9@2x.png in Resources */ = {isa = PBXBuildFile; fileRef = EB8AA19E1540E32A004C6DF8 /* Small-9@2x.png */; };
		EB8AA1AD1540E32A004C6DF8 /* Small-10.png in Resources */ = {isa = PBXBuildFile; fileRef = EB8AA19F1540E32A004C6DF8 /* Small-10.png */; };
		EB8AA1AE1540E32A004C6DF8 /* Small-10@2x.png in Resources */ = {isa = PBXBuildFile; fileRef = EB8AA1A01540E32A004C6DF8 /* Small-10@2x.png */; };
		EB8AA1AF1540E32A004C6DF8 /* Small-11.png in Resources */ = {isa = PBXBuildFile; fileRef = EB8AA1A11540E32A004C6DF8 /* Small-11.png */; };
		EB8AA1B01540E32A004C6DF8 /* Small-11@2x.png in Resources */ = {isa = PBXBuildFile; fileRef = EB8AA1A21540E32A004C6DF8 /* Small-11@2x.png */; };
		EB8AA1B11540E32A004C6DF8 /* Small-12.png in Resources */ = {isa = PBXBuildFile; fileRef = EB8AA1A31540E32A004C6DF8 /* Small-12.png */; };
		EB8AA1B21540E32A004C6DF8 /* Small-12@2x.png in Resources */ = {isa = PBXBuildFile; fileRef = EB8AA1A41540E32A004C6DF8 /* Small-12@2x.png */; };
		EB8AA1B31540E32A004C6DF8 /* Small-13.png in Resources */ = {isa = PBXBuildFile; fileRef = EB8AA1A51540E32A004C6DF8 /* Small-13.png */; };
		EB8AA1B41540E32A004C6DF8 /* Small-13@2x.png in Resources */ = {isa = PBXBuildFile; fileRef = EB8AA1A61540E32A004C6DF8 /* Small-13@2x.png */; };
		EB8AA1B51540E32A004C6DF8 /* Small-14.png in Resources */ = {isa = PBXBuildFile; fileRef = EB8AA1A71540E32A004C6DF8 /* Small-14.png */; };
		EB8AA1B61540E32A004C6DF8 /* Small-14@2x.png in Resources */ = {isa = PBXBuildFile; fileRef = EB8AA1A81540E32A004C6DF8 /* Small-14@2x.png */; };
		EB8AA1B71540E32A004C6DF8 /* Small-15.png in Resources */ = {isa = PBXBuildFile; fileRef = EB8AA1A91540E32A004C6DF8 /* Small-15.png */; };
		EB8AA1B81540E32A004C6DF8 /* Small-15@2x.png in Resources */ = {isa = PBXBuildFile; fileRef = EB8AA1AA1540E32A004C6DF8 /* Small-15@2x.png */; };
		EB8AA1DA1540E343004C6DF8 /* Large-0.png in Resources */ = {isa = PBXBuildFile; fileRef = EB8AA1BA1540E343004C6DF8 /* Large-0.png */; };
		EB8AA1DB1540E343004C6DF8 /* Large-0@2x.png in Resources */ = {isa = PBXBuildFile; fileRef = EB8AA1BB1540E343004C6DF8 /* Large-0@2x.png */; };
		EB8AA1DC1540E343004C6DF8 /* Large-1.png in Resources */ = {isa = PBXBuildFile; fileRef = EB8AA1BC1540E343004C6DF8 /* Large-1.png */; };
		EB8AA1DD1540E343004C6DF8 /* Large-10.png in Resources */ = {isa = PBXBuildFile; fileRef = EB8AA1BD1540E343004C6DF8 /* Large-10.png */; };
		EB8AA1DE1540E343004C6DF8 /* Large-10@2x.png in Resources */ = {isa = PBXBuildFile; fileRef = EB8AA1BE1540E343004C6DF8 /* Large-10@2x.png */; };
		EB8AA1DF1540E343004C6DF8 /* Large-11.png in Resources */ = {isa = PBXBuildFile; fileRef = EB8AA1BF1540E343004C6DF8 /* Large-11.png */; };
		EB8AA1E01540E343004C6DF8 /* Large-11@2x.png in Resources */ = {isa = PBXBuildFile; fileRef = EB8AA1C01540E343004C6DF8 /* Large-11@2x.png */; };
		EB8AA1E11540E343004C6DF8 /* Large-12.png in Resources */ = {isa = PBXBuildFile; fileRef = EB8AA1C11540E343004C6DF8 /* Large-12.png */; };
		EB8AA1E21540E343004C6DF8 /* Large-12@2x.png in Resources */ = {isa = PBXBuildFile; fileRef = EB8AA1C21540E343004C6DF8 /* Large-12@2x.png */; };
		EB8AA1E31540E343004C6DF8 /* Large-13.png in Resources */ = {isa = PBXBuildFile; fileRef = EB8AA1C31540E343004C6DF8 /* Large-13.png */; };
		EB8AA1E41540E343004C6DF8 /* Large-13@2x.png in Resources */ = {isa = PBXBuildFile; fileRef = EB8AA1C41540E343004C6DF8 /* Large-13@2x.png */; };
		EB8AA1E51540E343004C6DF8 /* Large-14.png in Resources */ = {isa = PBXBuildFile; fileRef = EB8AA1C51540E343004C6DF8 /* Large-14.png */; };
		EB8AA1E61540E343004C6DF8 /* Large-14@2x.png in Resources */ = {isa = PBXBuildFile; fileRef = EB8AA1C61540E343004C6DF8 /* Large-14@2x.png */; };
		EB8AA1E71540E343004C6DF8 /* Large-15.png in Resources */ = {isa = PBXBuildFile; fileRef = EB8AA1C71540E343004C6DF8 /* Large-15.png */; };
		EB8AA1E81540E343004C6DF8 /* Large-15@2x.png in Resources */ = {isa = PBXBuildFile; fileRef = EB8AA1C81540E343004C6DF8 /* Large-15@2x.png */; };
		EB8AA1E91540E343004C6DF8 /* Large-1@2x.png in Resources */ = {isa = PBXBuildFile; fileRef = EB8AA1C91540E343004C6DF8 /* Large-1@2x.png */; };
		EB8AA1EA1540E343004C6DF8 /* Large-2.png in Resources */ = {isa = PBXBuildFile; fileRef = EB8AA1CA1540E343004C6DF8 /* Large-2.png */; };
		EB8AA1EB1540E343004C6DF8 /* Large-2@2x.png in Resources */ = {isa = PBXBuildFile; fileRef = EB8AA1CB1540E343004C6DF8 /* Large-2@2x.png */; };
		EB8AA1EC1540E343004C6DF8 /* Large-3.png in Resources */ = {isa = PBXBuildFile; fileRef = EB8AA1CC1540E343004C6DF8 /* Large-3.png */; };
		EB8AA1ED1540E343004C6DF8 /* Large-3@2x.png in Resources */ = {isa = PBXBuildFile; fileRef = EB8AA1CD1540E343004C6DF8 /* Large-3@2x.png */; };
		EB8AA1EE1540E343004C6DF8 /* Large-4.png in Resources */ = {isa = PBXBuildFile; fileRef = EB8AA1CE1540E343004C6DF8 /* Large-4.png */; };
		EB8AA1EF1540E343004C6DF8 /* Large-4@2x.png in Resources */ = {isa = PBXBuildFile; fileRef = EB8AA1CF1540E343004C6DF8 /* Large-4@2x.png */; };
		EB8AA1F01540E343004C6DF8 /* Large-5.png in Resources */ = {isa = PBXBuildFile; fileRef = EB8AA1D01540E343004C6DF8 /* Large-5.png */; };
		EB8AA1F11540E343004C6DF8 /* Large-5@2x.png in Resources */ = {isa = PBXBuildFile; fileRef = EB8AA1D11540E343004C6DF8 /* Large-5@2x.png */; };
		EB8AA1F21540E343004C6DF8 /* Large-6.png in Resources */ = {isa = PBXBuildFile; fileRef = EB8AA1D21540E343004C6DF8 /* Large-6.png */; };
		EB8AA1F31540E343004C6DF8 /* Large-6@2x.png in Resources */ = {isa = PBXBuildFile; fileRef = EB8AA1D31540E343004C6DF8 /* Large-6@2x.png */; };
		EB8AA1F41540E343004C6DF8 /* Large-7.png in Resources */ = {isa = PBXBuildFile; fileRef = EB8AA1D41540E343004C6DF8 /* Large-7.png */; };
		EB8AA1F51540E343004C6DF8 /* Large-7@2x.png in Resources */ = {isa = PBXBuildFile; fileRef = EB8AA1D51540E343004C6DF8 /* Large-7@2x.png */; };
		EB8AA1F61540E343004C6DF8 /* Large-8.png in Resources */ = {isa = PBXBuildFile; fileRef = EB8AA1D61540E343004C6DF8 /* Large-8.png */; };
		EB8AA1F71540E343004C6DF8 /* Large-8@2x.png in Resources */ = {isa = PBXBuildFile; fileRef = EB8AA1D71540E343004C6DF8 /* Large-8@2x.png */; };
		EB8AA1F81540E343004C6DF8 /* Large-9.png in Resources */ = {isa = PBXBuildFile; fileRef = EB8AA1D81540E343004C6DF8 /* Large-9.png */; };
		EB8AA1F91540E343004C6DF8 /* Large-9@2x.png in Resources */ = {isa = PBXBuildFile; fileRef = EB8AA1D91540E343004C6DF8 /* Large-9@2x.png */; };
		EB8AA1FE1541F9FB004C6DF8 /* ClothBackground.png in Resources */ = {isa = PBXBuildFile; fileRef = EB8AA1FA1541F9FA004C6DF8 /* ClothBackground.png */; };
		EB8AA1FF1541F9FB004C6DF8 /* ClothBackground@2x.png in Resources */ = {isa = PBXBuildFile; fileRef = EB8AA1FB1541F9FB004C6DF8 /* ClothBackground@2x.png */; };
		EB979CB31578318200104282 /* EMTLCachedImage.m in Sources */ = {isa = PBXBuildFile; fileRef = EB979CB21578318200104282 /* EMTLCachedImage.m */; };
		EB979CB915796A2000104282 /* EMTLLocation.m in Sources */ = {isa = PBXBuildFile; fileRef = EB979CB815796A1F00104282 /* EMTLLocation.m */; };
		EB979CBE1579792200104282 /* FavoriteButton_Off.png in Resources */ = {isa = PBXBuildFile; fileRef = EB979CBA1579792200104282 /* FavoriteButton_Off.png */; };
		EB979CBF1579792200104282 /* FavoriteButton_Off@2x.png in Resources */ = {isa = PBXBuildFile; fileRef = EB979CBB1579792200104282 /* FavoriteButton_Off@2x.png */; };
		EB979CC01579792200104282 /* FavoriteButton_On.png in Resources */ = {isa = PBXBuildFile; fileRef = EB979CBC1579792200104282 /* FavoriteButton_On.png */; };
		EB979CC11579792200104282 /* FavoriteButton_On@2x.png in Resources */ = {isa = PBXBuildFile; fileRef = EB979CBD1579792200104282 /* FavoriteButton_On@2x.png */; };
		EB9B5E6E156568BA008D0CBD /* EMTLPhotoQuery.m in Sources */ = {isa = PBXBuildFile; fileRef = EB9B5E6D156568BA008D0CBD /* EMTLPhotoQuery.m */; };
		EB9B5E71156568C6008D0CBD /* EMTLPhoto.m in Sources */ = {isa = PBXBuildFile; fileRef = EB9B5E70156568C6008D0CBD /* EMTLPhoto.m */; };
		EB9B5E7815656B1C008D0CBD /* EMTLFlickrPhotoSource.m in Sources */ = {isa = PBXBuildFile; fileRef = EB9B5E7715656B1C008D0CBD /* EMTLFlickrPhotoSource.m */; };
		EB9B5E7B15656B3C008D0CBD /* EMTLFlickrFetchPhotoQueryOperation.m in Sources */ = {isa = PBXBuildFile; fileRef = EB9B5E7A15656B3C008D0CBD /* EMTLFlickrFetchPhotoQueryOperation.m */; };
		EB9B5E7E15656B64008D0CBD /* EMTLFlickrFetchImageOperation.m in Sources */ = {isa = PBXBuildFile; fileRef = EB9B5E7D15656B64008D0CBD /* EMTLFlickrFetchImageOperation.m */; };
		EB9B5E8115657213008D0CBD /* EMTLOperationQueue.m in Sources */ = {isa = PBXBuildFile; fileRef = EB9B5E8015657212008D0CBD /* EMTLOperationQueue.m */; };
		EBBC51F8156D640100348F34 /* EMTLPhotoSource.m in Sources */ = {isa = PBXBuildFile; fileRef = EBBC51F7156D640100348F34 /* EMTLPhotoSource.m */; };
		EBBC51FC156DA17100348F34 /* EMTLFlickrFetchFavoritesAndCommentsOperation.m in Sources */ = {isa = PBXBuildFile; fileRef = EBBC51FB156DA17100348F34 /* EMTLFlickrFetchFavoritesAndCommentsOperation.m */; };
		EBBC52051576DB4200348F34 /* Label.png in Resources */ = {isa = PBXBuildFile; fileRef = EBBC52011576DB4200348F34 /* Label.png */; };
		EBBC52061576DB4200348F34 /* Label@2x.png in Resources */ = {isa = PBXBuildFile; fileRef = EBBC52021576DB4200348F34 /* Label@2x.png */; };
		EBBC52071576DB4200348F34 /* LabelTempest.png in Resources */ = {isa = PBXBuildFile; fileRef = EBBC52031576DB4200348F34 /* LabelTempest.png */; };
		EBBC52081576DB4200348F34 /* LabelTempest@2x.png in Resources */ = {isa = PBXBuildFile; fileRef = EBBC52041576DB4200348F34 /* LabelTempest@2x.png */; };
		EBBC520C1576E2D900348F34 /* Reload.png in Resources */ = {isa = PBXBuildFile; fileRef = EBBC520A1576E2D900348F34 /* Reload.png */; };
		EBBC520D1576E2D900348F34 /* Reload@2x.png in Resources */ = {isa = PBXBuildFile; fileRef = EBBC520B1576E2D900348F34 /* Reload@2x.png */; };
/* End PBXBuildFile section */

/* Begin PBXContainerItemProxy section */
		EB52221215377A3A00785F97 /* PBXContainerItemProxy */ = {
			isa = PBXContainerItemProxy;
			containerPortal = EB5221E315377A3A00785F97 /* Project object */;
			proxyType = 1;
			remoteGlobalIDString = EB5221EB15377A3A00785F97;
			remoteInfo = Tempest;
		};
/* End PBXContainerItemProxy section */

/* Begin PBXFileReference section */
		28CD7CE7155EE88C00892383 /* EMTLConstants.h */ = {isa = PBXFileReference; fileEncoding = 4; lastKnownFileType = sourcecode.c.h; path = EMTLConstants.h; sourceTree = "<group>"; };
		28CD7CE8155EE88C00892383 /* EMTLConstants.m */ = {isa = PBXFileReference; fileEncoding = 4; lastKnownFileType = sourcecode.c.objc; path = EMTLConstants.m; sourceTree = "<group>"; };
		28CD7CEF155F21B400892383 /* EMTLPhotoCell.h */ = {isa = PBXFileReference; fileEncoding = 4; lastKnownFileType = sourcecode.c.h; path = EMTLPhotoCell.h; sourceTree = "<group>"; };
		28CD7CF0155F21B500892383 /* EMTLPhotoCell.m */ = {isa = PBXFileReference; fileEncoding = 4; lastKnownFileType = sourcecode.c.objc; path = EMTLPhotoCell.m; sourceTree = "<group>"; };
		EB14ED641579800A00724F0C /* EMTLFlickrSetFavoriteStateOperation.h */ = {isa = PBXFileReference; fileEncoding = 4; lastKnownFileType = sourcecode.c.h; path = EMTLFlickrSetFavoriteStateOperation.h; sourceTree = "<group>"; };
		EB14ED651579800A00724F0C /* EMTLFlickrSetFavoriteStateOperation.m */ = {isa = PBXFileReference; fileEncoding = 4; lastKnownFileType = sourcecode.c.objc; path = EMTLFlickrSetFavoriteStateOperation.m; sourceTree = "<group>"; };
		EB14ED6B15798DE100724F0C /* EMTLUser.h */ = {isa = PBXFileReference; fileEncoding = 4; lastKnownFileType = sourcecode.c.h; path = EMTLUser.h; sourceTree = "<group>"; };
		EB14ED6C15798DE100724F0C /* EMTLUser.m */ = {isa = PBXFileReference; fileEncoding = 4; lastKnownFileType = sourcecode.c.objc; path = EMTLUser.m; sourceTree = "<group>"; };
		EB14EDCD157E95C200724F0C /* EMTLBackgroundConnection.h */ = {isa = PBXFileReference; fileEncoding = 4; lastKnownFileType = sourcecode.c.h; path = EMTLBackgroundConnection.h; sourceTree = "<group>"; };
		EB14EDCE157E95C200724F0C /* EMTLBackgroundConnection.m */ = {isa = PBXFileReference; fileEncoding = 4; lastKnownFileType = sourcecode.c.objc; path = EMTLBackgroundConnection.m; sourceTree = "<group>"; };
		EB14EDD0157E970300724F0C /* EMTLDownloadOperation.h */ = {isa = PBXFileReference; fileEncoding = 4; lastKnownFileType = sourcecode.c.h; path = EMTLDownloadOperation.h; sourceTree = "<group>"; };
		EB14EDD1157E970300724F0C /* EMTLDownloadOperation.m */ = {isa = PBXFileReference; fileEncoding = 4; lastKnownFileType = sourcecode.c.objc; path = EMTLDownloadOperation.m; sourceTree = "<group>"; };
		EB14EDD3157EB60F00724F0C /* EMTLFlickrFetchLocationOperation.h */ = {isa = PBXFileReference; fileEncoding = 4; lastKnownFileType = sourcecode.c.h; path = EMTLFlickrFetchLocationOperation.h; sourceTree = "<group>"; };
		EB14EDD4157EB60F00724F0C /* EMTLFlickrFetchLocationOperation.m */ = {isa = PBXFileReference; fileEncoding = 4; lastKnownFileType = sourcecode.c.objc; path = EMTLFlickrFetchLocationOperation.m; sourceTree = "<group>"; };
		EB14EDD6157EBBBE00724F0C /* EMTLMagicUserList.h */ = {isa = PBXFileReference; fileEncoding = 4; lastKnownFileType = sourcecode.c.h; path = EMTLMagicUserList.h; sourceTree = "<group>"; };
		EB14EDD7157EBBBF00724F0C /* EMTLMagicUserList.m */ = {isa = PBXFileReference; fileEncoding = 4; lastKnownFileType = sourcecode.c.objc; path = EMTLMagicUserList.m; sourceTree = "<group>"; };
		EB14EDD9157EC2FB00724F0C /* CoreText.framework */ = {isa = PBXFileReference; lastKnownFileType = wrapper.framework; name = CoreText.framework; path = System/Library/Frameworks/CoreText.framework; sourceTree = SDKROOT; };
		EB1FF973157D444A009DA624 /* EMTLFlickrFetchUserOperation.h */ = {isa = PBXFileReference; fileEncoding = 4; lastKnownFileType = sourcecode.c.h; path = EMTLFlickrFetchUserOperation.h; sourceTree = "<group>"; };
		EB1FF974157D444A009DA624 /* EMTLFlickrFetchUserOperation.m */ = {isa = PBXFileReference; fileEncoding = 4; lastKnownFileType = sourcecode.c.objc; path = EMTLFlickrFetchUserOperation.m; sourceTree = "<group>"; };
		EB5221EC15377A3A00785F97 /* Tempest.app */ = {isa = PBXFileReference; explicitFileType = wrapper.application; includeInIndex = 0; path = Tempest.app; sourceTree = BUILT_PRODUCTS_DIR; };
		EB5221F015377A3A00785F97 /* UIKit.framework */ = {isa = PBXFileReference; lastKnownFileType = wrapper.framework; name = UIKit.framework; path = System/Library/Frameworks/UIKit.framework; sourceTree = SDKROOT; };
		EB5221F215377A3A00785F97 /* Foundation.framework */ = {isa = PBXFileReference; lastKnownFileType = wrapper.framework; name = Foundation.framework; path = System/Library/Frameworks/Foundation.framework; sourceTree = SDKROOT; };
		EB5221F415377A3A00785F97 /* CoreGraphics.framework */ = {isa = PBXFileReference; lastKnownFileType = wrapper.framework; name = CoreGraphics.framework; path = System/Library/Frameworks/CoreGraphics.framework; sourceTree = SDKROOT; };
		EB5221F615377A3A00785F97 /* CoreData.framework */ = {isa = PBXFileReference; lastKnownFileType = wrapper.framework; name = CoreData.framework; path = System/Library/Frameworks/CoreData.framework; sourceTree = SDKROOT; };
		EB5221FA15377A3A00785F97 /* Tempest-Info.plist */ = {isa = PBXFileReference; lastKnownFileType = text.plist.xml; path = "Tempest-Info.plist"; sourceTree = "<group>"; };
		EB5221FC15377A3A00785F97 /* en */ = {isa = PBXFileReference; lastKnownFileType = text.plist.strings; name = en; path = en.lproj/InfoPlist.strings; sourceTree = "<group>"; };
		EB5221FE15377A3A00785F97 /* main.m */ = {isa = PBXFileReference; lastKnownFileType = sourcecode.c.objc; path = main.m; sourceTree = "<group>"; };
		EB52220015377A3A00785F97 /* Tempest-Prefix.pch */ = {isa = PBXFileReference; lastKnownFileType = sourcecode.c.h; path = "Tempest-Prefix.pch"; sourceTree = "<group>"; };
		EB52220115377A3A00785F97 /* EMTLAppDelegate.h */ = {isa = PBXFileReference; lastKnownFileType = sourcecode.c.h; path = EMTLAppDelegate.h; sourceTree = "<group>"; };
		EB52220215377A3A00785F97 /* EMTLAppDelegate.m */ = {isa = PBXFileReference; lastKnownFileType = sourcecode.c.objc; path = EMTLAppDelegate.m; sourceTree = "<group>"; };
		EB52220C15377A3A00785F97 /* TempestTests.octest */ = {isa = PBXFileReference; explicitFileType = wrapper.cfbundle; includeInIndex = 0; path = TempestTests.octest; sourceTree = BUILT_PRODUCTS_DIR; };
		EB52220D15377A3A00785F97 /* SenTestingKit.framework */ = {isa = PBXFileReference; lastKnownFileType = wrapper.framework; name = SenTestingKit.framework; path = Library/Frameworks/SenTestingKit.framework; sourceTree = DEVELOPER_DIR; };
		EB52221615377A3A00785F97 /* TempestTests-Info.plist */ = {isa = PBXFileReference; lastKnownFileType = text.plist.xml; path = "TempestTests-Info.plist"; sourceTree = "<group>"; };
		EB52221815377A3A00785F97 /* en */ = {isa = PBXFileReference; lastKnownFileType = text.plist.strings; name = en; path = en.lproj/InfoPlist.strings; sourceTree = "<group>"; };
		EB52221A15377A3A00785F97 /* TempestTests.h */ = {isa = PBXFileReference; lastKnownFileType = sourcecode.c.h; path = TempestTests.h; sourceTree = "<group>"; };
		EB52221B15377A3A00785F97 /* TempestTests.m */ = {isa = PBXFileReference; lastKnownFileType = sourcecode.c.objc; path = TempestTests.m; sourceTree = "<group>"; };
		EB69B1F2153CD26D003D8422 /* EMTLPhotoListViewController.h */ = {isa = PBXFileReference; fileEncoding = 4; lastKnownFileType = sourcecode.c.h; path = EMTLPhotoListViewController.h; sourceTree = "<group>"; };
		EB69B1F3153CD26D003D8422 /* EMTLPhotoListViewController.m */ = {isa = PBXFileReference; fileEncoding = 4; lastKnownFileType = sourcecode.c.objc; path = EMTLPhotoListViewController.m; sourceTree = "<group>"; };
		EB69B203153CD46B003D8422 /* NSMutableURLRequest+Parameters.h */ = {isa = PBXFileReference; fileEncoding = 4; lastKnownFileType = sourcecode.c.h; path = "NSMutableURLRequest+Parameters.h"; sourceTree = "<group>"; };
		EB69B204153CD46B003D8422 /* NSMutableURLRequest+Parameters.m */ = {isa = PBXFileReference; fileEncoding = 4; lastKnownFileType = sourcecode.c.objc; path = "NSMutableURLRequest+Parameters.m"; sourceTree = "<group>"; };
		EB69B205153CD46B003D8422 /* NSString+URLEncoding.h */ = {isa = PBXFileReference; fileEncoding = 4; lastKnownFileType = sourcecode.c.h; path = "NSString+URLEncoding.h"; sourceTree = "<group>"; };
		EB69B206153CD46B003D8422 /* NSString+URLEncoding.m */ = {isa = PBXFileReference; fileEncoding = 4; lastKnownFileType = sourcecode.c.objc; path = "NSString+URLEncoding.m"; sourceTree = "<group>"; };
		EB69B207153CD46B003D8422 /* NSURL+Base.h */ = {isa = PBXFileReference; fileEncoding = 4; lastKnownFileType = sourcecode.c.h; path = "NSURL+Base.h"; sourceTree = "<group>"; };
		EB69B208153CD46B003D8422 /* NSURL+Base.m */ = {isa = PBXFileReference; fileEncoding = 4; lastKnownFileType = sourcecode.c.objc; path = "NSURL+Base.m"; sourceTree = "<group>"; };
		EB69B20A153CD46B003D8422 /* Base64Transcoder.c */ = {isa = PBXFileReference; fileEncoding = 4; lastKnownFileType = sourcecode.c.c; path = Base64Transcoder.c; sourceTree = "<group>"; };
		EB69B20B153CD46B003D8422 /* Base64Transcoder.h */ = {isa = PBXFileReference; fileEncoding = 4; lastKnownFileType = sourcecode.c.h; path = Base64Transcoder.h; sourceTree = "<group>"; };
		EB69B20C153CD46B003D8422 /* hmac.c */ = {isa = PBXFileReference; fileEncoding = 4; lastKnownFileType = sourcecode.c.c; path = hmac.c; sourceTree = "<group>"; };
		EB69B20D153CD46B003D8422 /* hmac.h */ = {isa = PBXFileReference; fileEncoding = 4; lastKnownFileType = sourcecode.c.h; path = hmac.h; sourceTree = "<group>"; };
		EB69B20E153CD46B003D8422 /* sha1.c */ = {isa = PBXFileReference; fileEncoding = 4; lastKnownFileType = sourcecode.c.c; path = sha1.c; sourceTree = "<group>"; };
		EB69B20F153CD46B003D8422 /* sha1.h */ = {isa = PBXFileReference; fileEncoding = 4; lastKnownFileType = sourcecode.c.h; path = sha1.h; sourceTree = "<group>"; };
		EB69B210153CD46B003D8422 /* OAAttachment.h */ = {isa = PBXFileReference; fileEncoding = 4; lastKnownFileType = sourcecode.c.h; path = OAAttachment.h; sourceTree = "<group>"; };
		EB69B211153CD46B003D8422 /* OAAttachment.m */ = {isa = PBXFileReference; fileEncoding = 4; lastKnownFileType = sourcecode.c.objc; path = OAAttachment.m; sourceTree = "<group>"; };
		EB69B212153CD46B003D8422 /* OACall.h */ = {isa = PBXFileReference; fileEncoding = 4; lastKnownFileType = sourcecode.c.h; path = OACall.h; sourceTree = "<group>"; };
		EB69B213153CD46B003D8422 /* OACall.m */ = {isa = PBXFileReference; fileEncoding = 4; lastKnownFileType = sourcecode.c.objc; path = OACall.m; sourceTree = "<group>"; };
		EB69B214153CD46B003D8422 /* OAConsumer.h */ = {isa = PBXFileReference; fileEncoding = 4; lastKnownFileType = sourcecode.c.h; path = OAConsumer.h; sourceTree = "<group>"; };
		EB69B215153CD46B003D8422 /* OAConsumer.m */ = {isa = PBXFileReference; fileEncoding = 4; lastKnownFileType = sourcecode.c.objc; path = OAConsumer.m; sourceTree = "<group>"; };
		EB69B216153CD46B003D8422 /* OADataFetcher.h */ = {isa = PBXFileReference; fileEncoding = 4; lastKnownFileType = sourcecode.c.h; path = OADataFetcher.h; sourceTree = "<group>"; };
		EB69B217153CD46B003D8422 /* OADataFetcher.m */ = {isa = PBXFileReference; fileEncoding = 4; lastKnownFileType = sourcecode.c.objc; path = OADataFetcher.m; sourceTree = "<group>"; };
		EB69B218153CD46B003D8422 /* OAHMAC_SHA1SignatureProvider.h */ = {isa = PBXFileReference; fileEncoding = 4; lastKnownFileType = sourcecode.c.h; path = OAHMAC_SHA1SignatureProvider.h; sourceTree = "<group>"; };
		EB69B219153CD46B003D8422 /* OAHMAC_SHA1SignatureProvider.m */ = {isa = PBXFileReference; fileEncoding = 4; lastKnownFileType = sourcecode.c.objc; path = OAHMAC_SHA1SignatureProvider.m; sourceTree = "<group>"; };
		EB69B21A153CD46B003D8422 /* OAMutableURLRequest.h */ = {isa = PBXFileReference; fileEncoding = 4; lastKnownFileType = sourcecode.c.h; path = OAMutableURLRequest.h; sourceTree = "<group>"; };
		EB69B21B153CD46B003D8422 /* OAMutableURLRequest.m */ = {isa = PBXFileReference; fileEncoding = 4; lastKnownFileType = sourcecode.c.objc; path = OAMutableURLRequest.m; sourceTree = "<group>"; };
		EB69B21C153CD46B003D8422 /* OAPlaintextSignatureProvider.h */ = {isa = PBXFileReference; fileEncoding = 4; lastKnownFileType = sourcecode.c.h; path = OAPlaintextSignatureProvider.h; sourceTree = "<group>"; };
		EB69B21D153CD46B003D8422 /* OAPlaintextSignatureProvider.m */ = {isa = PBXFileReference; fileEncoding = 4; lastKnownFileType = sourcecode.c.objc; path = OAPlaintextSignatureProvider.m; sourceTree = "<group>"; };
		EB69B21E153CD46B003D8422 /* OAProblem.h */ = {isa = PBXFileReference; fileEncoding = 4; lastKnownFileType = sourcecode.c.h; path = OAProblem.h; sourceTree = "<group>"; };
		EB69B21F153CD46B003D8422 /* OAProblem.m */ = {isa = PBXFileReference; fileEncoding = 4; lastKnownFileType = sourcecode.c.objc; path = OAProblem.m; sourceTree = "<group>"; };
		EB69B220153CD46B003D8422 /* OARequestParameter.h */ = {isa = PBXFileReference; fileEncoding = 4; lastKnownFileType = sourcecode.c.h; path = OARequestParameter.h; sourceTree = "<group>"; };
		EB69B221153CD46B003D8422 /* OARequestParameter.m */ = {isa = PBXFileReference; fileEncoding = 4; lastKnownFileType = sourcecode.c.objc; path = OARequestParameter.m; sourceTree = "<group>"; };
		EB69B222153CD46B003D8422 /* OAServiceTicket.h */ = {isa = PBXFileReference; fileEncoding = 4; lastKnownFileType = sourcecode.c.h; path = OAServiceTicket.h; sourceTree = "<group>"; };
		EB69B223153CD46B003D8422 /* OAServiceTicket.m */ = {isa = PBXFileReference; fileEncoding = 4; lastKnownFileType = sourcecode.c.objc; path = OAServiceTicket.m; sourceTree = "<group>"; };
		EB69B224153CD46B003D8422 /* OASignatureProviding.h */ = {isa = PBXFileReference; fileEncoding = 4; lastKnownFileType = sourcecode.c.h; path = OASignatureProviding.h; sourceTree = "<group>"; };
		EB69B225153CD46B003D8422 /* OATestServer.rb */ = {isa = PBXFileReference; fileEncoding = 4; lastKnownFileType = text.script.ruby; path = OATestServer.rb; sourceTree = "<group>"; };
		EB69B226153CD46B003D8422 /* OAToken.h */ = {isa = PBXFileReference; fileEncoding = 4; lastKnownFileType = sourcecode.c.h; path = OAToken.h; sourceTree = "<group>"; };
		EB69B227153CD46B003D8422 /* OAToken.m */ = {isa = PBXFileReference; fileEncoding = 4; lastKnownFileType = sourcecode.c.objc; path = OAToken.m; sourceTree = "<group>"; };
		EB69B228153CD46B003D8422 /* OATokenManager.h */ = {isa = PBXFileReference; fileEncoding = 4; lastKnownFileType = sourcecode.c.h; path = OATokenManager.h; sourceTree = "<group>"; };
		EB69B229153CD46B003D8422 /* OATokenManager.m */ = {isa = PBXFileReference; fileEncoding = 4; lastKnownFileType = sourcecode.c.objc; path = OATokenManager.m; sourceTree = "<group>"; };
		EB69B22A153CD46B003D8422 /* OAuthConsumer.h */ = {isa = PBXFileReference; fileEncoding = 4; lastKnownFileType = sourcecode.c.h; path = OAuthConsumer.h; sourceTree = "<group>"; };
		EB69B22B153CD46B003D8422 /* README */ = {isa = PBXFileReference; fileEncoding = 4; lastKnownFileType = text; path = README; sourceTree = "<group>"; };
		EB69B285153CDE2E003D8422 /* Security.framework */ = {isa = PBXFileReference; lastKnownFileType = wrapper.framework; name = Security.framework; path = System/Library/Frameworks/Security.framework; sourceTree = SDKROOT; };
		EB69B287153CDE3A003D8422 /* CFNetwork.framework */ = {isa = PBXFileReference; lastKnownFileType = wrapper.framework; name = CFNetwork.framework; path = System/Library/Frameworks/CFNetwork.framework; sourceTree = SDKROOT; };
		EB69B289153CDE40003D8422 /* libxml2.dylib */ = {isa = PBXFileReference; lastKnownFileType = "compiled.mach-o.dylib"; name = libxml2.dylib; path = usr/lib/libxml2.dylib; sourceTree = SDKROOT; };
		EB69B28B153CDE59003D8422 /* SystemConfiguration.framework */ = {isa = PBXFileReference; lastKnownFileType = wrapper.framework; name = SystemConfiguration.framework; path = System/Library/Frameworks/SystemConfiguration.framework; sourceTree = SDKROOT; };
		EB850DAE153E0A710073BBAE /* APISecrets.h */ = {isa = PBXFileReference; lastKnownFileType = sourcecode.c.h; path = APISecrets.h; sourceTree = "<group>"; };
		EB88B5EC1546247D00E6A6EE /* PolaroidTextured4.png */ = {isa = PBXFileReference; lastKnownFileType = image.png; path = PolaroidTextured4.png; sourceTree = "<group>"; };
		EB88B5ED1546247D00E6A6EE /* PolaroidTextured4@2x.png */ = {isa = PBXFileReference; lastKnownFileType = image.png; path = "PolaroidTextured4@2x.png"; sourceTree = "<group>"; };
		EB8AA1791540D1F6004C6DF8 /* Small-0.png */ = {isa = PBXFileReference; lastKnownFileType = image.png; path = "Small-0.png"; sourceTree = "<group>"; };
		EB8AA17A1540D1F6004C6DF8 /* Small-0@2x.png */ = {isa = PBXFileReference; lastKnownFileType = image.png; path = "Small-0@2x.png"; sourceTree = "<group>"; };
		EB8AA17B1540D1F6004C6DF8 /* Small-1.png */ = {isa = PBXFileReference; lastKnownFileType = image.png; path = "Small-1.png"; sourceTree = "<group>"; };
		EB8AA17C1540D1F6004C6DF8 /* Small-1@2x.png */ = {isa = PBXFileReference; lastKnownFileType = image.png; path = "Small-1@2x.png"; sourceTree = "<group>"; };
		EB8AA17D1540D1F6004C6DF8 /* Small-2.png */ = {isa = PBXFileReference; lastKnownFileType = image.png; path = "Small-2.png"; sourceTree = "<group>"; };
		EB8AA17E1540D1F6004C6DF8 /* Small-2@2x.png */ = {isa = PBXFileReference; lastKnownFileType = image.png; path = "Small-2@2x.png"; sourceTree = "<group>"; };
		EB8AA17F1540D1F6004C6DF8 /* Small-3.png */ = {isa = PBXFileReference; lastKnownFileType = image.png; path = "Small-3.png"; sourceTree = "<group>"; };
		EB8AA1801540D1F6004C6DF8 /* Small-3@2x.png */ = {isa = PBXFileReference; lastKnownFileType = image.png; path = "Small-3@2x.png"; sourceTree = "<group>"; };
		EB8AA1811540D1F6004C6DF8 /* Small-4.png */ = {isa = PBXFileReference; lastKnownFileType = image.png; path = "Small-4.png"; sourceTree = "<group>"; };
		EB8AA1821540D1F6004C6DF8 /* Small-4@2x.png */ = {isa = PBXFileReference; lastKnownFileType = image.png; path = "Small-4@2x.png"; sourceTree = "<group>"; };
		EB8AA1831540D1F6004C6DF8 /* Small-5.png */ = {isa = PBXFileReference; lastKnownFileType = image.png; path = "Small-5.png"; sourceTree = "<group>"; };
		EB8AA1841540D1F6004C6DF8 /* Small-5@2x.png */ = {isa = PBXFileReference; lastKnownFileType = image.png; path = "Small-5@2x.png"; sourceTree = "<group>"; };
		EB8AA1851540D1F6004C6DF8 /* Small-6.png */ = {isa = PBXFileReference; lastKnownFileType = image.png; path = "Small-6.png"; sourceTree = "<group>"; };
		EB8AA1861540D1F6004C6DF8 /* Small-6@2x.png */ = {isa = PBXFileReference; lastKnownFileType = image.png; path = "Small-6@2x.png"; sourceTree = "<group>"; };
		EB8AA1871540D1F6004C6DF8 /* Small-7.png */ = {isa = PBXFileReference; lastKnownFileType = image.png; path = "Small-7.png"; sourceTree = "<group>"; };
		EB8AA1881540D1F6004C6DF8 /* Small-7@2x.png */ = {isa = PBXFileReference; lastKnownFileType = image.png; path = "Small-7@2x.png"; sourceTree = "<group>"; };
		EB8AA1891540D1F6004C6DF8 /* Small-8.png */ = {isa = PBXFileReference; lastKnownFileType = image.png; path = "Small-8.png"; sourceTree = "<group>"; };
		EB8AA18A1540D1F6004C6DF8 /* Small-8@2x.png */ = {isa = PBXFileReference; lastKnownFileType = image.png; path = "Small-8@2x.png"; sourceTree = "<group>"; };
		EB8AA19D1540E32A004C6DF8 /* Small-9.png */ = {isa = PBXFileReference; lastKnownFileType = image.png; path = "Small-9.png"; sourceTree = "<group>"; };
		EB8AA19E1540E32A004C6DF8 /* Small-9@2x.png */ = {isa = PBXFileReference; lastKnownFileType = image.png; path = "Small-9@2x.png"; sourceTree = "<group>"; };
		EB8AA19F1540E32A004C6DF8 /* Small-10.png */ = {isa = PBXFileReference; lastKnownFileType = image.png; path = "Small-10.png"; sourceTree = "<group>"; };
		EB8AA1A01540E32A004C6DF8 /* Small-10@2x.png */ = {isa = PBXFileReference; lastKnownFileType = image.png; path = "Small-10@2x.png"; sourceTree = "<group>"; };
		EB8AA1A11540E32A004C6DF8 /* Small-11.png */ = {isa = PBXFileReference; lastKnownFileType = image.png; path = "Small-11.png"; sourceTree = "<group>"; };
		EB8AA1A21540E32A004C6DF8 /* Small-11@2x.png */ = {isa = PBXFileReference; lastKnownFileType = image.png; path = "Small-11@2x.png"; sourceTree = "<group>"; };
		EB8AA1A31540E32A004C6DF8 /* Small-12.png */ = {isa = PBXFileReference; lastKnownFileType = image.png; path = "Small-12.png"; sourceTree = "<group>"; };
		EB8AA1A41540E32A004C6DF8 /* Small-12@2x.png */ = {isa = PBXFileReference; lastKnownFileType = image.png; path = "Small-12@2x.png"; sourceTree = "<group>"; };
		EB8AA1A51540E32A004C6DF8 /* Small-13.png */ = {isa = PBXFileReference; lastKnownFileType = image.png; path = "Small-13.png"; sourceTree = "<group>"; };
		EB8AA1A61540E32A004C6DF8 /* Small-13@2x.png */ = {isa = PBXFileReference; lastKnownFileType = image.png; path = "Small-13@2x.png"; sourceTree = "<group>"; };
		EB8AA1A71540E32A004C6DF8 /* Small-14.png */ = {isa = PBXFileReference; lastKnownFileType = image.png; path = "Small-14.png"; sourceTree = "<group>"; };
		EB8AA1A81540E32A004C6DF8 /* Small-14@2x.png */ = {isa = PBXFileReference; lastKnownFileType = image.png; path = "Small-14@2x.png"; sourceTree = "<group>"; };
		EB8AA1A91540E32A004C6DF8 /* Small-15.png */ = {isa = PBXFileReference; lastKnownFileType = image.png; path = "Small-15.png"; sourceTree = "<group>"; };
		EB8AA1AA1540E32A004C6DF8 /* Small-15@2x.png */ = {isa = PBXFileReference; lastKnownFileType = image.png; path = "Small-15@2x.png"; sourceTree = "<group>"; };
		EB8AA1BA1540E343004C6DF8 /* Large-0.png */ = {isa = PBXFileReference; lastKnownFileType = image.png; path = "Large-0.png"; sourceTree = "<group>"; };
		EB8AA1BB1540E343004C6DF8 /* Large-0@2x.png */ = {isa = PBXFileReference; lastKnownFileType = image.png; path = "Large-0@2x.png"; sourceTree = "<group>"; };
		EB8AA1BC1540E343004C6DF8 /* Large-1.png */ = {isa = PBXFileReference; lastKnownFileType = image.png; path = "Large-1.png"; sourceTree = "<group>"; };
		EB8AA1BD1540E343004C6DF8 /* Large-10.png */ = {isa = PBXFileReference; lastKnownFileType = image.png; path = "Large-10.png"; sourceTree = "<group>"; };
		EB8AA1BE1540E343004C6DF8 /* Large-10@2x.png */ = {isa = PBXFileReference; lastKnownFileType = image.png; path = "Large-10@2x.png"; sourceTree = "<group>"; };
		EB8AA1BF1540E343004C6DF8 /* Large-11.png */ = {isa = PBXFileReference; lastKnownFileType = image.png; path = "Large-11.png"; sourceTree = "<group>"; };
		EB8AA1C01540E343004C6DF8 /* Large-11@2x.png */ = {isa = PBXFileReference; lastKnownFileType = image.png; path = "Large-11@2x.png"; sourceTree = "<group>"; };
		EB8AA1C11540E343004C6DF8 /* Large-12.png */ = {isa = PBXFileReference; lastKnownFileType = image.png; path = "Large-12.png"; sourceTree = "<group>"; };
		EB8AA1C21540E343004C6DF8 /* Large-12@2x.png */ = {isa = PBXFileReference; lastKnownFileType = image.png; path = "Large-12@2x.png"; sourceTree = "<group>"; };
		EB8AA1C31540E343004C6DF8 /* Large-13.png */ = {isa = PBXFileReference; lastKnownFileType = image.png; path = "Large-13.png"; sourceTree = "<group>"; };
		EB8AA1C41540E343004C6DF8 /* Large-13@2x.png */ = {isa = PBXFileReference; lastKnownFileType = image.png; path = "Large-13@2x.png"; sourceTree = "<group>"; };
		EB8AA1C51540E343004C6DF8 /* Large-14.png */ = {isa = PBXFileReference; lastKnownFileType = image.png; path = "Large-14.png"; sourceTree = "<group>"; };
		EB8AA1C61540E343004C6DF8 /* Large-14@2x.png */ = {isa = PBXFileReference; lastKnownFileType = image.png; path = "Large-14@2x.png"; sourceTree = "<group>"; };
		EB8AA1C71540E343004C6DF8 /* Large-15.png */ = {isa = PBXFileReference; lastKnownFileType = image.png; path = "Large-15.png"; sourceTree = "<group>"; };
		EB8AA1C81540E343004C6DF8 /* Large-15@2x.png */ = {isa = PBXFileReference; lastKnownFileType = image.png; path = "Large-15@2x.png"; sourceTree = "<group>"; };
		EB8AA1C91540E343004C6DF8 /* Large-1@2x.png */ = {isa = PBXFileReference; lastKnownFileType = image.png; path = "Large-1@2x.png"; sourceTree = "<group>"; };
		EB8AA1CA1540E343004C6DF8 /* Large-2.png */ = {isa = PBXFileReference; lastKnownFileType = image.png; path = "Large-2.png"; sourceTree = "<group>"; };
		EB8AA1CB1540E343004C6DF8 /* Large-2@2x.png */ = {isa = PBXFileReference; lastKnownFileType = image.png; path = "Large-2@2x.png"; sourceTree = "<group>"; };
		EB8AA1CC1540E343004C6DF8 /* Large-3.png */ = {isa = PBXFileReference; lastKnownFileType = image.png; path = "Large-3.png"; sourceTree = "<group>"; };
		EB8AA1CD1540E343004C6DF8 /* Large-3@2x.png */ = {isa = PBXFileReference; lastKnownFileType = image.png; path = "Large-3@2x.png"; sourceTree = "<group>"; };
		EB8AA1CE1540E343004C6DF8 /* Large-4.png */ = {isa = PBXFileReference; lastKnownFileType = image.png; path = "Large-4.png"; sourceTree = "<group>"; };
		EB8AA1CF1540E343004C6DF8 /* Large-4@2x.png */ = {isa = PBXFileReference; lastKnownFileType = image.png; path = "Large-4@2x.png"; sourceTree = "<group>"; };
		EB8AA1D01540E343004C6DF8 /* Large-5.png */ = {isa = PBXFileReference; lastKnownFileType = image.png; path = "Large-5.png"; sourceTree = "<group>"; };
		EB8AA1D11540E343004C6DF8 /* Large-5@2x.png */ = {isa = PBXFileReference; lastKnownFileType = image.png; path = "Large-5@2x.png"; sourceTree = "<group>"; };
		EB8AA1D21540E343004C6DF8 /* Large-6.png */ = {isa = PBXFileReference; lastKnownFileType = image.png; path = "Large-6.png"; sourceTree = "<group>"; };
		EB8AA1D31540E343004C6DF8 /* Large-6@2x.png */ = {isa = PBXFileReference; lastKnownFileType = image.png; path = "Large-6@2x.png"; sourceTree = "<group>"; };
		EB8AA1D41540E343004C6DF8 /* Large-7.png */ = {isa = PBXFileReference; lastKnownFileType = image.png; path = "Large-7.png"; sourceTree = "<group>"; };
		EB8AA1D51540E343004C6DF8 /* Large-7@2x.png */ = {isa = PBXFileReference; lastKnownFileType = image.png; path = "Large-7@2x.png"; sourceTree = "<group>"; };
		EB8AA1D61540E343004C6DF8 /* Large-8.png */ = {isa = PBXFileReference; lastKnownFileType = image.png; path = "Large-8.png"; sourceTree = "<group>"; };
		EB8AA1D71540E343004C6DF8 /* Large-8@2x.png */ = {isa = PBXFileReference; lastKnownFileType = image.png; path = "Large-8@2x.png"; sourceTree = "<group>"; };
		EB8AA1D81540E343004C6DF8 /* Large-9.png */ = {isa = PBXFileReference; lastKnownFileType = image.png; path = "Large-9.png"; sourceTree = "<group>"; };
		EB8AA1D91540E343004C6DF8 /* Large-9@2x.png */ = {isa = PBXFileReference; lastKnownFileType = image.png; path = "Large-9@2x.png"; sourceTree = "<group>"; };
		EB8AA1FA1541F9FA004C6DF8 /* ClothBackground.png */ = {isa = PBXFileReference; lastKnownFileType = image.png; path = ClothBackground.png; sourceTree = "<group>"; };
		EB8AA1FB1541F9FB004C6DF8 /* ClothBackground@2x.png */ = {isa = PBXFileReference; lastKnownFileType = image.png; path = "ClothBackground@2x.png"; sourceTree = "<group>"; };
		EB979CB11578318200104282 /* EMTLCachedImage.h */ = {isa = PBXFileReference; fileEncoding = 4; lastKnownFileType = sourcecode.c.h; path = EMTLCachedImage.h; sourceTree = "<group>"; };
		EB979CB21578318200104282 /* EMTLCachedImage.m */ = {isa = PBXFileReference; fileEncoding = 4; lastKnownFileType = sourcecode.c.objc; path = EMTLCachedImage.m; sourceTree = "<group>"; };
		EB979CB51578542900104282 /* QuartzCore.framework */ = {isa = PBXFileReference; lastKnownFileType = wrapper.framework; name = QuartzCore.framework; path = System/Library/Frameworks/QuartzCore.framework; sourceTree = SDKROOT; };
		EB979CB715796A1F00104282 /* EMTLLocation.h */ = {isa = PBXFileReference; fileEncoding = 4; lastKnownFileType = sourcecode.c.h; path = EMTLLocation.h; sourceTree = "<group>"; };
		EB979CB815796A1F00104282 /* EMTLLocation.m */ = {isa = PBXFileReference; fileEncoding = 4; lastKnownFileType = sourcecode.c.objc; path = EMTLLocation.m; sourceTree = "<group>"; };
		EB979CBA1579792200104282 /* FavoriteButton_Off.png */ = {isa = PBXFileReference; lastKnownFileType = image.png; path = FavoriteButton_Off.png; sourceTree = "<group>"; };
		EB979CBB1579792200104282 /* FavoriteButton_Off@2x.png */ = {isa = PBXFileReference; lastKnownFileType = image.png; path = "FavoriteButton_Off@2x.png"; sourceTree = "<group>"; };
		EB979CBC1579792200104282 /* FavoriteButton_On.png */ = {isa = PBXFileReference; lastKnownFileType = image.png; path = FavoriteButton_On.png; sourceTree = "<group>"; };
		EB979CBD1579792200104282 /* FavoriteButton_On@2x.png */ = {isa = PBXFileReference; lastKnownFileType = image.png; path = "FavoriteButton_On@2x.png"; sourceTree = "<group>"; };
		EB9B5E69156568AB008D0CBD /* EMTLPhotoSource.h */ = {isa = PBXFileReference; fileEncoding = 4; lastKnownFileType = sourcecode.c.h; path = EMTLPhotoSource.h; sourceTree = "<group>"; };
		EB9B5E6C156568BA008D0CBD /* EMTLPhotoQuery.h */ = {isa = PBXFileReference; fileEncoding = 4; lastKnownFileType = sourcecode.c.h; path = EMTLPhotoQuery.h; sourceTree = "<group>"; };
		EB9B5E6D156568BA008D0CBD /* EMTLPhotoQuery.m */ = {isa = PBXFileReference; fileEncoding = 4; lastKnownFileType = sourcecode.c.objc; path = EMTLPhotoQuery.m; sourceTree = "<group>"; };
		EB9B5E6F156568C6008D0CBD /* EMTLPhoto.h */ = {isa = PBXFileReference; fileEncoding = 4; lastKnownFileType = sourcecode.c.h; path = EMTLPhoto.h; sourceTree = "<group>"; };
		EB9B5E70156568C6008D0CBD /* EMTLPhoto.m */ = {isa = PBXFileReference; fileEncoding = 4; lastKnownFileType = sourcecode.c.objc; path = EMTLPhoto.m; sourceTree = "<group>"; };
		EB9B5E7615656B1C008D0CBD /* EMTLFlickrPhotoSource.h */ = {isa = PBXFileReference; fileEncoding = 4; lastKnownFileType = sourcecode.c.h; path = EMTLFlickrPhotoSource.h; sourceTree = "<group>"; };
		EB9B5E7715656B1C008D0CBD /* EMTLFlickrPhotoSource.m */ = {isa = PBXFileReference; fileEncoding = 4; lastKnownFileType = sourcecode.c.objc; path = EMTLFlickrPhotoSource.m; sourceTree = "<group>"; };
		EB9B5E7915656B3C008D0CBD /* EMTLFlickrFetchPhotoQueryOperation.h */ = {isa = PBXFileReference; fileEncoding = 4; lastKnownFileType = sourcecode.c.h; path = EMTLFlickrFetchPhotoQueryOperation.h; sourceTree = "<group>"; };
		EB9B5E7A15656B3C008D0CBD /* EMTLFlickrFetchPhotoQueryOperation.m */ = {isa = PBXFileReference; fileEncoding = 4; lastKnownFileType = sourcecode.c.objc; path = EMTLFlickrFetchPhotoQueryOperation.m; sourceTree = "<group>"; };
		EB9B5E7C15656B64008D0CBD /* EMTLFlickrFetchImageOperation.h */ = {isa = PBXFileReference; fileEncoding = 4; lastKnownFileType = sourcecode.c.h; path = EMTLFlickrFetchImageOperation.h; sourceTree = "<group>"; };
		EB9B5E7D15656B64008D0CBD /* EMTLFlickrFetchImageOperation.m */ = {isa = PBXFileReference; fileEncoding = 4; lastKnownFileType = sourcecode.c.objc; path = EMTLFlickrFetchImageOperation.m; sourceTree = "<group>"; };
		EB9B5E7F15657211008D0CBD /* EMTLOperationQueue.h */ = {isa = PBXFileReference; fileEncoding = 4; lastKnownFileType = sourcecode.c.h; path = EMTLOperationQueue.h; sourceTree = "<group>"; };
		EB9B5E8015657212008D0CBD /* EMTLOperationQueue.m */ = {isa = PBXFileReference; fileEncoding = 4; lastKnownFileType = sourcecode.c.objc; path = EMTLOperationQueue.m; sourceTree = "<group>"; };
		EBBC51F7156D640100348F34 /* EMTLPhotoSource.m */ = {isa = PBXFileReference; fileEncoding = 4; lastKnownFileType = sourcecode.c.objc; path = EMTLPhotoSource.m; sourceTree = "<group>"; };
		EBBC51F9156D728300348F34 /* EMTLPhotoSource_Private.h */ = {isa = PBXFileReference; lastKnownFileType = sourcecode.c.h; path = EMTLPhotoSource_Private.h; sourceTree = "<group>"; };
		EBBC51FA156DA17100348F34 /* EMTLFlickrFetchFavoritesAndCommentsOperation.h */ = {isa = PBXFileReference; fileEncoding = 4; lastKnownFileType = sourcecode.c.h; path = EMTLFlickrFetchFavoritesAndCommentsOperation.h; sourceTree = "<group>"; };
		EBBC51FB156DA17100348F34 /* EMTLFlickrFetchFavoritesAndCommentsOperation.m */ = {isa = PBXFileReference; fileEncoding = 4; lastKnownFileType = sourcecode.c.objc; path = EMTLFlickrFetchFavoritesAndCommentsOperation.m; sourceTree = "<group>"; };
		EBBC52011576DB4200348F34 /* Label.png */ = {isa = PBXFileReference; lastKnownFileType = image.png; path = Label.png; sourceTree = "<group>"; };
		EBBC52021576DB4200348F34 /* Label@2x.png */ = {isa = PBXFileReference; lastKnownFileType = image.png; path = "Label@2x.png"; sourceTree = "<group>"; };
		EBBC52031576DB4200348F34 /* LabelTempest.png */ = {isa = PBXFileReference; lastKnownFileType = image.png; path = LabelTempest.png; sourceTree = "<group>"; };
		EBBC52041576DB4200348F34 /* LabelTempest@2x.png */ = {isa = PBXFileReference; lastKnownFileType = image.png; path = "LabelTempest@2x.png"; sourceTree = "<group>"; };
		EBBC520A1576E2D900348F34 /* Reload.png */ = {isa = PBXFileReference; lastKnownFileType = image.png; path = Reload.png; sourceTree = "<group>"; };
		EBBC520B1576E2D900348F34 /* Reload@2x.png */ = {isa = PBXFileReference; lastKnownFileType = image.png; path = "Reload@2x.png"; sourceTree = "<group>"; };
/* End PBXFileReference section */

/* Begin PBXFrameworksBuildPhase section */
		EB5221E915377A3A00785F97 /* Frameworks */ = {
			isa = PBXFrameworksBuildPhase;
			buildActionMask = 2147483647;
			files = (
				EB14EDDA157EC2FB00724F0C /* CoreText.framework in Frameworks */,
				EB69B28C153CDE59003D8422 /* SystemConfiguration.framework in Frameworks */,
				EB69B28A153CDE40003D8422 /* libxml2.dylib in Frameworks */,
				EB69B288153CDE3A003D8422 /* CFNetwork.framework in Frameworks */,
				EB69B286153CDE2E003D8422 /* Security.framework in Frameworks */,
				EB5221F115377A3A00785F97 /* UIKit.framework in Frameworks */,
				EB5221F315377A3A00785F97 /* Foundation.framework in Frameworks */,
				EB5221F515377A3A00785F97 /* CoreGraphics.framework in Frameworks */,
				EB5221F715377A3A00785F97 /* CoreData.framework in Frameworks */,
			);
			runOnlyForDeploymentPostprocessing = 0;
		};
		EB52220815377A3A00785F97 /* Frameworks */ = {
			isa = PBXFrameworksBuildPhase;
			buildActionMask = 2147483647;
			files = (
				EB52220E15377A3A00785F97 /* SenTestingKit.framework in Frameworks */,
				EB52220F15377A3A00785F97 /* UIKit.framework in Frameworks */,
				EB52221015377A3A00785F97 /* Foundation.framework in Frameworks */,
				EB52221115377A3A00785F97 /* CoreData.framework in Frameworks */,
			);
			runOnlyForDeploymentPostprocessing = 0;
		};
/* End PBXFrameworksBuildPhase section */

/* Begin PBXGroup section */
		EB5221E115377A3A00785F97 = {
			isa = PBXGroup;
			children = (
				EB14EDD9157EC2FB00724F0C /* CoreText.framework */,
				EB5221F815377A3A00785F97 /* Tempest */,
				EB52221415377A3A00785F97 /* TempestTests */,
				EB5221EF15377A3A00785F97 /* Frameworks */,
				EB69B289153CDE40003D8422 /* libxml2.dylib */,
				EB5221ED15377A3A00785F97 /* Products */,
			);
			sourceTree = "<group>";
		};
		EB5221ED15377A3A00785F97 /* Products */ = {
			isa = PBXGroup;
			children = (
				EB5221EC15377A3A00785F97 /* Tempest.app */,
				EB52220C15377A3A00785F97 /* TempestTests.octest */,
			);
			name = Products;
			sourceTree = "<group>";
		};
		EB5221EF15377A3A00785F97 /* Frameworks */ = {
			isa = PBXGroup;
			children = (
				EB69B287153CDE3A003D8422 /* CFNetwork.framework */,
				EB5221F415377A3A00785F97 /* CoreGraphics.framework */,
				EB5221F615377A3A00785F97 /* CoreData.framework */,
				EB5221F215377A3A00785F97 /* Foundation.framework */,
				EB979CB51578542900104282 /* QuartzCore.framework */,
				EB69B285153CDE2E003D8422 /* Security.framework */,
				EB52220D15377A3A00785F97 /* SenTestingKit.framework */,
				EB69B28B153CDE59003D8422 /* SystemConfiguration.framework */,
				EB5221F015377A3A00785F97 /* UIKit.framework */,
			);
			name = Frameworks;
			sourceTree = "<group>";
		};
		EB5221F815377A3A00785F97 /* Tempest */ = {
			isa = PBXGroup;
			children = (
				EB850DAE153E0A710073BBAE /* APISecrets.h */,
				EB52220115377A3A00785F97 /* EMTLAppDelegate.h */,
				EB52220215377A3A00785F97 /* EMTLAppDelegate.m */,
				28CD7CE7155EE88C00892383 /* EMTLConstants.h */,
				28CD7CE8155EE88C00892383 /* EMTLConstants.m */,
				28CD7CEF155F21B400892383 /* EMTLPhotoCell.h */,
				28CD7CF0155F21B500892383 /* EMTLPhotoCell.m */,
				EB14EDD6157EBBBE00724F0C /* EMTLMagicUserList.h */,
				EB14EDD7157EBBBF00724F0C /* EMTLMagicUserList.m */,
				EB69B1F2153CD26D003D8422 /* EMTLPhotoListViewController.h */,
				EB69B1F3153CD26D003D8422 /* EMTLPhotoListViewController.m */,
				EB9B5E7F15657211008D0CBD /* EMTLOperationQueue.h */,
				EB9B5E8015657212008D0CBD /* EMTLOperationQueue.m */,
				EB14EDCD157E95C200724F0C /* EMTLBackgroundConnection.h */,
				EB14EDCE157E95C200724F0C /* EMTLBackgroundConnection.m */,
				EB9B5E6815656856008D0CBD /* PhotoSources */,
				EB69B201153CD46B003D8422 /* OAuthConsumer */,
				EB69B200153CD46B003D8422 /* Resources */,
				EB5221F915377A3A00785F97 /* Supporting Files */,
			);
			path = Tempest;
			sourceTree = "<group>";
		};
		EB5221F915377A3A00785F97 /* Supporting Files */ = {
			isa = PBXGroup;
			children = (
				EB5221FA15377A3A00785F97 /* Tempest-Info.plist */,
				EB5221FB15377A3A00785F97 /* InfoPlist.strings */,
				EB5221FE15377A3A00785F97 /* main.m */,
				EB52220015377A3A00785F97 /* Tempest-Prefix.pch */,
			);
			name = "Supporting Files";
			sourceTree = "<group>";
		};
		EB52221415377A3A00785F97 /* TempestTests */ = {
			isa = PBXGroup;
			children = (
				EB52221A15377A3A00785F97 /* TempestTests.h */,
				EB52221B15377A3A00785F97 /* TempestTests.m */,
				EB52221515377A3A00785F97 /* Supporting Files */,
			);
			path = TempestTests;
			sourceTree = "<group>";
		};
		EB52221515377A3A00785F97 /* Supporting Files */ = {
			isa = PBXGroup;
			children = (
				EB52221615377A3A00785F97 /* TempestTests-Info.plist */,
				EB52221715377A3A00785F97 /* InfoPlist.strings */,
			);
			name = "Supporting Files";
			sourceTree = "<group>";
		};
		EB69B200153CD46B003D8422 /* Resources */ = {
			isa = PBXGroup;
			children = (
				EB979CBA1579792200104282 /* FavoriteButton_Off.png */,
				EB979CBB1579792200104282 /* FavoriteButton_Off@2x.png */,
				EB979CBC1579792200104282 /* FavoriteButton_On.png */,
				EB979CBD1579792200104282 /* FavoriteButton_On@2x.png */,
				EBBC520A1576E2D900348F34 /* Reload.png */,
				EBBC520B1576E2D900348F34 /* Reload@2x.png */,
				EBBC52011576DB4200348F34 /* Label.png */,
				EBBC52021576DB4200348F34 /* Label@2x.png */,
				EBBC52031576DB4200348F34 /* LabelTempest.png */,
				EBBC52041576DB4200348F34 /* LabelTempest@2x.png */,
				EB88B5B91545FF4600E6A6EE /* Polaroid */,
				EB8AA1FA1541F9FA004C6DF8 /* ClothBackground.png */,
				EB8AA1FB1541F9FB004C6DF8 /* ClothBackground@2x.png */,
				EB8AA1B91540E343004C6DF8 /* ProgressIndicatorLarge */,
				EB8AA1781540D1F6004C6DF8 /* ProgressIndicatorSmall */,
			);
			name = Resources;
			path = Assets;
			sourceTree = "<group>";
		};
		EB69B201153CD46B003D8422 /* OAuthConsumer */ = {
			isa = PBXGroup;
			children = (
				EB69B202153CD46B003D8422 /* Categories */,
				EB69B209153CD46B003D8422 /* Crypto */,
				EB69B210153CD46B003D8422 /* OAAttachment.h */,
				EB69B211153CD46B003D8422 /* OAAttachment.m */,
				EB69B212153CD46B003D8422 /* OACall.h */,
				EB69B213153CD46B003D8422 /* OACall.m */,
				EB69B214153CD46B003D8422 /* OAConsumer.h */,
				EB69B215153CD46B003D8422 /* OAConsumer.m */,
				EB69B216153CD46B003D8422 /* OADataFetcher.h */,
				EB69B217153CD46B003D8422 /* OADataFetcher.m */,
				EB69B218153CD46B003D8422 /* OAHMAC_SHA1SignatureProvider.h */,
				EB69B219153CD46B003D8422 /* OAHMAC_SHA1SignatureProvider.m */,
				EB69B21A153CD46B003D8422 /* OAMutableURLRequest.h */,
				EB69B21B153CD46B003D8422 /* OAMutableURLRequest.m */,
				EB69B21C153CD46B003D8422 /* OAPlaintextSignatureProvider.h */,
				EB69B21D153CD46B003D8422 /* OAPlaintextSignatureProvider.m */,
				EB69B21E153CD46B003D8422 /* OAProblem.h */,
				EB69B21F153CD46B003D8422 /* OAProblem.m */,
				EB69B220153CD46B003D8422 /* OARequestParameter.h */,
				EB69B221153CD46B003D8422 /* OARequestParameter.m */,
				EB69B222153CD46B003D8422 /* OAServiceTicket.h */,
				EB69B223153CD46B003D8422 /* OAServiceTicket.m */,
				EB69B224153CD46B003D8422 /* OASignatureProviding.h */,
				EB69B225153CD46B003D8422 /* OATestServer.rb */,
				EB69B226153CD46B003D8422 /* OAToken.h */,
				EB69B227153CD46B003D8422 /* OAToken.m */,
				EB69B228153CD46B003D8422 /* OATokenManager.h */,
				EB69B229153CD46B003D8422 /* OATokenManager.m */,
				EB69B22A153CD46B003D8422 /* OAuthConsumer.h */,
				EB69B22B153CD46B003D8422 /* README */,
			);
			path = OAuthConsumer;
			sourceTree = "<group>";
		};
		EB69B202153CD46B003D8422 /* Categories */ = {
			isa = PBXGroup;
			children = (
				EB69B203153CD46B003D8422 /* NSMutableURLRequest+Parameters.h */,
				EB69B204153CD46B003D8422 /* NSMutableURLRequest+Parameters.m */,
				EB69B205153CD46B003D8422 /* NSString+URLEncoding.h */,
				EB69B206153CD46B003D8422 /* NSString+URLEncoding.m */,
				EB69B207153CD46B003D8422 /* NSURL+Base.h */,
				EB69B208153CD46B003D8422 /* NSURL+Base.m */,
			);
			path = Categories;
			sourceTree = "<group>";
		};
		EB69B209153CD46B003D8422 /* Crypto */ = {
			isa = PBXGroup;
			children = (
				EB69B20A153CD46B003D8422 /* Base64Transcoder.c */,
				EB69B20B153CD46B003D8422 /* Base64Transcoder.h */,
				EB69B20C153CD46B003D8422 /* hmac.c */,
				EB69B20D153CD46B003D8422 /* hmac.h */,
				EB69B20E153CD46B003D8422 /* sha1.c */,
				EB69B20F153CD46B003D8422 /* sha1.h */,
			);
			path = Crypto;
			sourceTree = "<group>";
		};
		EB88B5B91545FF4600E6A6EE /* Polaroid */ = {
			isa = PBXGroup;
			children = (
				EB88B5EC1546247D00E6A6EE /* PolaroidTextured4.png */,
				EB88B5ED1546247D00E6A6EE /* PolaroidTextured4@2x.png */,
			);
			path = Polaroid;
			sourceTree = "<group>";
		};
		EB8AA1781540D1F6004C6DF8 /* ProgressIndicatorSmall */ = {
			isa = PBXGroup;
			children = (
				EB8AA1791540D1F6004C6DF8 /* Small-0.png */,
				EB8AA17A1540D1F6004C6DF8 /* Small-0@2x.png */,
				EB8AA17B1540D1F6004C6DF8 /* Small-1.png */,
				EB8AA17C1540D1F6004C6DF8 /* Small-1@2x.png */,
				EB8AA17D1540D1F6004C6DF8 /* Small-2.png */,
				EB8AA17E1540D1F6004C6DF8 /* Small-2@2x.png */,
				EB8AA17F1540D1F6004C6DF8 /* Small-3.png */,
				EB8AA1801540D1F6004C6DF8 /* Small-3@2x.png */,
				EB8AA1811540D1F6004C6DF8 /* Small-4.png */,
				EB8AA1821540D1F6004C6DF8 /* Small-4@2x.png */,
				EB8AA1831540D1F6004C6DF8 /* Small-5.png */,
				EB8AA1841540D1F6004C6DF8 /* Small-5@2x.png */,
				EB8AA1851540D1F6004C6DF8 /* Small-6.png */,
				EB8AA1861540D1F6004C6DF8 /* Small-6@2x.png */,
				EB8AA1871540D1F6004C6DF8 /* Small-7.png */,
				EB8AA1881540D1F6004C6DF8 /* Small-7@2x.png */,
				EB8AA1891540D1F6004C6DF8 /* Small-8.png */,
				EB8AA18A1540D1F6004C6DF8 /* Small-8@2x.png */,
				EB8AA19D1540E32A004C6DF8 /* Small-9.png */,
				EB8AA19E1540E32A004C6DF8 /* Small-9@2x.png */,
				EB8AA19F1540E32A004C6DF8 /* Small-10.png */,
				EB8AA1A01540E32A004C6DF8 /* Small-10@2x.png */,
				EB8AA1A11540E32A004C6DF8 /* Small-11.png */,
				EB8AA1A21540E32A004C6DF8 /* Small-11@2x.png */,
				EB8AA1A31540E32A004C6DF8 /* Small-12.png */,
				EB8AA1A41540E32A004C6DF8 /* Small-12@2x.png */,
				EB8AA1A51540E32A004C6DF8 /* Small-13.png */,
				EB8AA1A61540E32A004C6DF8 /* Small-13@2x.png */,
				EB8AA1A71540E32A004C6DF8 /* Small-14.png */,
				EB8AA1A81540E32A004C6DF8 /* Small-14@2x.png */,
				EB8AA1A91540E32A004C6DF8 /* Small-15.png */,
				EB8AA1AA1540E32A004C6DF8 /* Small-15@2x.png */,
			);
			path = ProgressIndicatorSmall;
			sourceTree = "<group>";
		};
		EB8AA1B91540E343004C6DF8 /* ProgressIndicatorLarge */ = {
			isa = PBXGroup;
			children = (
				EB8AA1BA1540E343004C6DF8 /* Large-0.png */,
				EB8AA1BB1540E343004C6DF8 /* Large-0@2x.png */,
				EB8AA1BC1540E343004C6DF8 /* Large-1.png */,
				EB8AA1BD1540E343004C6DF8 /* Large-10.png */,
				EB8AA1BE1540E343004C6DF8 /* Large-10@2x.png */,
				EB8AA1BF1540E343004C6DF8 /* Large-11.png */,
				EB8AA1C01540E343004C6DF8 /* Large-11@2x.png */,
				EB8AA1C11540E343004C6DF8 /* Large-12.png */,
				EB8AA1C21540E343004C6DF8 /* Large-12@2x.png */,
				EB8AA1C31540E343004C6DF8 /* Large-13.png */,
				EB8AA1C41540E343004C6DF8 /* Large-13@2x.png */,
				EB8AA1C51540E343004C6DF8 /* Large-14.png */,
				EB8AA1C61540E343004C6DF8 /* Large-14@2x.png */,
				EB8AA1C71540E343004C6DF8 /* Large-15.png */,
				EB8AA1C81540E343004C6DF8 /* Large-15@2x.png */,
				EB8AA1C91540E343004C6DF8 /* Large-1@2x.png */,
				EB8AA1CA1540E343004C6DF8 /* Large-2.png */,
				EB8AA1CB1540E343004C6DF8 /* Large-2@2x.png */,
				EB8AA1CC1540E343004C6DF8 /* Large-3.png */,
				EB8AA1CD1540E343004C6DF8 /* Large-3@2x.png */,
				EB8AA1CE1540E343004C6DF8 /* Large-4.png */,
				EB8AA1CF1540E343004C6DF8 /* Large-4@2x.png */,
				EB8AA1D01540E343004C6DF8 /* Large-5.png */,
				EB8AA1D11540E343004C6DF8 /* Large-5@2x.png */,
				EB8AA1D21540E343004C6DF8 /* Large-6.png */,
				EB8AA1D31540E343004C6DF8 /* Large-6@2x.png */,
				EB8AA1D41540E343004C6DF8 /* Large-7.png */,
				EB8AA1D51540E343004C6DF8 /* Large-7@2x.png */,
				EB8AA1D61540E343004C6DF8 /* Large-8.png */,
				EB8AA1D71540E343004C6DF8 /* Large-8@2x.png */,
				EB8AA1D81540E343004C6DF8 /* Large-9.png */,
				EB8AA1D91540E343004C6DF8 /* Large-9@2x.png */,
			);
			path = ProgressIndicatorLarge;
			sourceTree = "<group>";
		};
		EB9B5E6815656856008D0CBD /* PhotoSources */ = {
			isa = PBXGroup;
			children = (
				EB9B5E69156568AB008D0CBD /* EMTLPhotoSource.h */,
				EBBC51F7156D640100348F34 /* EMTLPhotoSource.m */,
				EB14ED6B15798DE100724F0C /* EMTLUser.h */,
				EB14ED6C15798DE100724F0C /* EMTLUser.m */,
				EB979CB11578318200104282 /* EMTLCachedImage.h */,
				EB979CB21578318200104282 /* EMTLCachedImage.m */,
				EBBC51F9156D728300348F34 /* EMTLPhotoSource_Private.h */,
				EB9B5E6C156568BA008D0CBD /* EMTLPhotoQuery.h */,
				EB9B5E6D156568BA008D0CBD /* EMTLPhotoQuery.m */,
				EB9B5E6F156568C6008D0CBD /* EMTLPhoto.h */,
				EB9B5E70156568C6008D0CBD /* EMTLPhoto.m */,
				EB979CB715796A1F00104282 /* EMTLLocation.h */,
				EB979CB815796A1F00104282 /* EMTLLocation.m */,
				EB14EDD0157E970300724F0C /* EMTLDownloadOperation.h */,
				EB14EDD1157E970300724F0C /* EMTLDownloadOperation.m */,
				EB9B5E7515656AC1008D0CBD /* Flickr */,
			);
			name = PhotoSources;
			sourceTree = "<group>";
		};
		EB9B5E7515656AC1008D0CBD /* Flickr */ = {
			isa = PBXGroup;
			children = (
				EB9B5E7615656B1C008D0CBD /* EMTLFlickrPhotoSource.h */,
				EB9B5E7715656B1C008D0CBD /* EMTLFlickrPhotoSource.m */,
				EB9B5E7915656B3C008D0CBD /* EMTLFlickrFetchPhotoQueryOperation.h */,
				EB9B5E7A15656B3C008D0CBD /* EMTLFlickrFetchPhotoQueryOperation.m */,
				EB9B5E7C15656B64008D0CBD /* EMTLFlickrFetchImageOperation.h */,
				EB9B5E7D15656B64008D0CBD /* EMTLFlickrFetchImageOperation.m */,
				EB14EDD3157EB60F00724F0C /* EMTLFlickrFetchLocationOperation.h */,
				EB14EDD4157EB60F00724F0C /* EMTLFlickrFetchLocationOperation.m */,
				EBBC51FA156DA17100348F34 /* EMTLFlickrFetchFavoritesAndCommentsOperation.h */,
				EBBC51FB156DA17100348F34 /* EMTLFlickrFetchFavoritesAndCommentsOperation.m */,
				EB14ED641579800A00724F0C /* EMTLFlickrSetFavoriteStateOperation.h */,
				EB14ED651579800A00724F0C /* EMTLFlickrSetFavoriteStateOperation.m */,
				EB1FF973157D444A009DA624 /* EMTLFlickrFetchUserOperation.h */,
				EB1FF974157D444A009DA624 /* EMTLFlickrFetchUserOperation.m */,
			);
			name = Flickr;
			sourceTree = "<group>";
		};
/* End PBXGroup section */

/* Begin PBXNativeTarget section */
		EB5221EB15377A3A00785F97 /* Tempest */ = {
			isa = PBXNativeTarget;
			buildConfigurationList = EB52221F15377A3A00785F97 /* Build configuration list for PBXNativeTarget "Tempest" */;
			buildPhases = (
				EB5221E815377A3A00785F97 /* Sources */,
				EB5221E915377A3A00785F97 /* Frameworks */,
				EB5221EA15377A3A00785F97 /* Resources */,
			);
			buildRules = (
			);
			dependencies = (
			);
			name = Tempest;
			productName = Tempest;
			productReference = EB5221EC15377A3A00785F97 /* Tempest.app */;
			productType = "com.apple.product-type.application";
		};
		EB52220B15377A3A00785F97 /* TempestTests */ = {
			isa = PBXNativeTarget;
			buildConfigurationList = EB52222215377A3A00785F97 /* Build configuration list for PBXNativeTarget "TempestTests" */;
			buildPhases = (
				EB52220715377A3A00785F97 /* Sources */,
				EB52220815377A3A00785F97 /* Frameworks */,
				EB52220915377A3A00785F97 /* Resources */,
				EB52220A15377A3A00785F97 /* ShellScript */,
			);
			buildRules = (
			);
			dependencies = (
				EB52221315377A3A00785F97 /* PBXTargetDependency */,
			);
			name = TempestTests;
			productName = TempestTests;
			productReference = EB52220C15377A3A00785F97 /* TempestTests.octest */;
			productType = "com.apple.product-type.bundle";
		};
/* End PBXNativeTarget section */

/* Begin PBXProject section */
		EB5221E315377A3A00785F97 /* Project object */ = {
			isa = PBXProject;
			attributes = {
				CLASSPREFIX = EMTL;
				LastUpgradeCheck = 0430;
			};
			buildConfigurationList = EB5221E615377A3A00785F97 /* Build configuration list for PBXProject "Tempest" */;
			compatibilityVersion = "Xcode 3.2";
			developmentRegion = English;
			hasScannedForEncodings = 0;
			knownRegions = (
				en,
			);
			mainGroup = EB5221E115377A3A00785F97;
			productRefGroup = EB5221ED15377A3A00785F97 /* Products */;
			projectDirPath = "";
			projectRoot = "";
			targets = (
				EB5221EB15377A3A00785F97 /* Tempest */,
				EB52220B15377A3A00785F97 /* TempestTests */,
			);
		};
/* End PBXProject section */

/* Begin PBXResourcesBuildPhase section */
		EB5221EA15377A3A00785F97 /* Resources */ = {
			isa = PBXResourcesBuildPhase;
			buildActionMask = 2147483647;
			files = (
				EB5221FD15377A3A00785F97 /* InfoPlist.strings in Resources */,
				EB69B251153CD46B003D8422 /* OATestServer.rb in Resources */,
				EB69B254153CD46B003D8422 /* README in Resources */,
				EB8AA18B1540D1F6004C6DF8 /* Small-0.png in Resources */,
				EB8AA18C1540D1F6004C6DF8 /* Small-0@2x.png in Resources */,
				EB8AA18D1540D1F6004C6DF8 /* Small-1.png in Resources */,
				EB8AA18E1540D1F6004C6DF8 /* Small-1@2x.png in Resources */,
				EB8AA18F1540D1F6004C6DF8 /* Small-2.png in Resources */,
				EB8AA1901540D1F6004C6DF8 /* Small-2@2x.png in Resources */,
				EB8AA1911540D1F6004C6DF8 /* Small-3.png in Resources */,
				EB8AA1921540D1F6004C6DF8 /* Small-3@2x.png in Resources */,
				EB8AA1931540D1F6004C6DF8 /* Small-4.png in Resources */,
				EB8AA1941540D1F6004C6DF8 /* Small-4@2x.png in Resources */,
				EB8AA1951540D1F6004C6DF8 /* Small-5.png in Resources */,
				EB8AA1961540D1F6004C6DF8 /* Small-5@2x.png in Resources */,
				EB8AA1971540D1F6004C6DF8 /* Small-6.png in Resources */,
				EB8AA1981540D1F6004C6DF8 /* Small-6@2x.png in Resources */,
				EB8AA1991540D1F6004C6DF8 /* Small-7.png in Resources */,
				EB8AA19A1540D1F6004C6DF8 /* Small-7@2x.png in Resources */,
				EB8AA19B1540D1F6004C6DF8 /* Small-8.png in Resources */,
				EB8AA19C1540D1F6004C6DF8 /* Small-8@2x.png in Resources */,
				EB8AA1AB1540E32A004C6DF8 /* Small-9.png in Resources */,
				EB8AA1AC1540E32A004C6DF8 /* Small-9@2x.png in Resources */,
				EB8AA1AD1540E32A004C6DF8 /* Small-10.png in Resources */,
				EB8AA1AE1540E32A004C6DF8 /* Small-10@2x.png in Resources */,
				EB8AA1AF1540E32A004C6DF8 /* Small-11.png in Resources */,
				EB8AA1B01540E32A004C6DF8 /* Small-11@2x.png in Resources */,
				EB8AA1B11540E32A004C6DF8 /* Small-12.png in Resources */,
				EB8AA1B21540E32A004C6DF8 /* Small-12@2x.png in Resources */,
				EB8AA1B31540E32A004C6DF8 /* Small-13.png in Resources */,
				EB8AA1B41540E32A004C6DF8 /* Small-13@2x.png in Resources */,
				EB8AA1B51540E32A004C6DF8 /* Small-14.png in Resources */,
				EB8AA1B61540E32A004C6DF8 /* Small-14@2x.png in Resources */,
				EB8AA1B71540E32A004C6DF8 /* Small-15.png in Resources */,
				EB8AA1B81540E32A004C6DF8 /* Small-15@2x.png in Resources */,
				EB8AA1DA1540E343004C6DF8 /* Large-0.png in Resources */,
				EB8AA1DB1540E343004C6DF8 /* Large-0@2x.png in Resources */,
				EB8AA1DC1540E343004C6DF8 /* Large-1.png in Resources */,
				EB8AA1DD1540E343004C6DF8 /* Large-10.png in Resources */,
				EB8AA1DE1540E343004C6DF8 /* Large-10@2x.png in Resources */,
				EB8AA1DF1540E343004C6DF8 /* Large-11.png in Resources */,
				EB8AA1E01540E343004C6DF8 /* Large-11@2x.png in Resources */,
				EB8AA1E11540E343004C6DF8 /* Large-12.png in Resources */,
				EB8AA1E21540E343004C6DF8 /* Large-12@2x.png in Resources */,
				EB8AA1E31540E343004C6DF8 /* Large-13.png in Resources */,
				EB8AA1E41540E343004C6DF8 /* Large-13@2x.png in Resources */,
				EB8AA1E51540E343004C6DF8 /* Large-14.png in Resources */,
				EB8AA1E61540E343004C6DF8 /* Large-14@2x.png in Resources */,
				EB8AA1E71540E343004C6DF8 /* Large-15.png in Resources */,
				EB8AA1E81540E343004C6DF8 /* Large-15@2x.png in Resources */,
				EB8AA1E91540E343004C6DF8 /* Large-1@2x.png in Resources */,
				EB8AA1EA1540E343004C6DF8 /* Large-2.png in Resources */,
				EB8AA1EB1540E343004C6DF8 /* Large-2@2x.png in Resources */,
				EB8AA1EC1540E343004C6DF8 /* Large-3.png in Resources */,
				EB8AA1ED1540E343004C6DF8 /* Large-3@2x.png in Resources */,
				EB8AA1EE1540E343004C6DF8 /* Large-4.png in Resources */,
				EB8AA1EF1540E343004C6DF8 /* Large-4@2x.png in Resources */,
				EB8AA1F01540E343004C6DF8 /* Large-5.png in Resources */,
				EB8AA1F11540E343004C6DF8 /* Large-5@2x.png in Resources */,
				EB8AA1F21540E343004C6DF8 /* Large-6.png in Resources */,
				EB8AA1F31540E343004C6DF8 /* Large-6@2x.png in Resources */,
				EB8AA1F41540E343004C6DF8 /* Large-7.png in Resources */,
				EB8AA1F51540E343004C6DF8 /* Large-7@2x.png in Resources */,
				EB8AA1F61540E343004C6DF8 /* Large-8.png in Resources */,
				EB8AA1F71540E343004C6DF8 /* Large-8@2x.png in Resources */,
				EB8AA1F81540E343004C6DF8 /* Large-9.png in Resources */,
				EB8AA1F91540E343004C6DF8 /* Large-9@2x.png in Resources */,
				EB8AA1FE1541F9FB004C6DF8 /* ClothBackground.png in Resources */,
				EB8AA1FF1541F9FB004C6DF8 /* ClothBackground@2x.png in Resources */,
				EB88B5EE1546247D00E6A6EE /* PolaroidTextured4.png in Resources */,
				EB88B5EF1546247D00E6A6EE /* PolaroidTextured4@2x.png in Resources */,
				EBBC52051576DB4200348F34 /* Label.png in Resources */,
				EBBC52061576DB4200348F34 /* Label@2x.png in Resources */,
				EBBC52071576DB4200348F34 /* LabelTempest.png in Resources */,
				EBBC52081576DB4200348F34 /* LabelTempest@2x.png in Resources */,
				EBBC520C1576E2D900348F34 /* Reload.png in Resources */,
				EBBC520D1576E2D900348F34 /* Reload@2x.png in Resources */,
				EB979CBE1579792200104282 /* FavoriteButton_Off.png in Resources */,
				EB979CBF1579792200104282 /* FavoriteButton_Off@2x.png in Resources */,
				EB979CC01579792200104282 /* FavoriteButton_On.png in Resources */,
				EB979CC11579792200104282 /* FavoriteButton_On@2x.png in Resources */,
			);
			runOnlyForDeploymentPostprocessing = 0;
		};
		EB52220915377A3A00785F97 /* Resources */ = {
			isa = PBXResourcesBuildPhase;
			buildActionMask = 2147483647;
			files = (
				EB52221915377A3A00785F97 /* InfoPlist.strings in Resources */,
			);
			runOnlyForDeploymentPostprocessing = 0;
		};
/* End PBXResourcesBuildPhase section */

/* Begin PBXShellScriptBuildPhase section */
		EB52220A15377A3A00785F97 /* ShellScript */ = {
			isa = PBXShellScriptBuildPhase;
			buildActionMask = 2147483647;
			files = (
			);
			inputPaths = (
			);
			outputPaths = (
			);
			runOnlyForDeploymentPostprocessing = 0;
			shellPath = /bin/sh;
			shellScript = "# Run the unit tests in this test bundle.\n\"${SYSTEM_DEVELOPER_DIR}/Tools/RunUnitTests\"\n";
		};
/* End PBXShellScriptBuildPhase section */

/* Begin PBXSourcesBuildPhase section */
		EB5221E815377A3A00785F97 /* Sources */ = {
			isa = PBXSourcesBuildPhase;
			buildActionMask = 2147483647;
			files = (
				EB69B1FD153CD42A003D8422 /* EMTLPhotoListViewController.m in Sources */,
				EB5221FF15377A3A00785F97 /* main.m in Sources */,
				EB52220315377A3A00785F97 /* EMTLAppDelegate.m in Sources */,
				EB69B241153CD46B003D8422 /* NSMutableURLRequest+Parameters.m in Sources */,
				EB69B242153CD46B003D8422 /* NSString+URLEncoding.m in Sources */,
				EB69B243153CD46B003D8422 /* NSURL+Base.m in Sources */,
				EB69B244153CD46B003D8422 /* Base64Transcoder.c in Sources */,
				EB69B245153CD46B003D8422 /* hmac.c in Sources */,
				EB69B246153CD46B003D8422 /* sha1.c in Sources */,
				EB69B247153CD46B003D8422 /* OAAttachment.m in Sources */,
				EB69B248153CD46B003D8422 /* OACall.m in Sources */,
				EB69B249153CD46B003D8422 /* OAConsumer.m in Sources */,
				EB69B24A153CD46B003D8422 /* OADataFetcher.m in Sources */,
				EB69B24B153CD46B003D8422 /* OAHMAC_SHA1SignatureProvider.m in Sources */,
				EB69B24C153CD46B003D8422 /* OAMutableURLRequest.m in Sources */,
				EB69B24D153CD46B003D8422 /* OAPlaintextSignatureProvider.m in Sources */,
				EB69B24E153CD46B003D8422 /* OAProblem.m in Sources */,
				EB69B24F153CD46B003D8422 /* OARequestParameter.m in Sources */,
				EB69B250153CD46B003D8422 /* OAServiceTicket.m in Sources */,
				EB69B252153CD46B003D8422 /* OAToken.m in Sources */,
				EB69B253153CD46B003D8422 /* OATokenManager.m in Sources */,
				28CD7CE9155EE88C00892383 /* EMTLConstants.m in Sources */,
				28CD7CF1155F21B500892383 /* EMTLPhotoCell.m in Sources */,
				EB9B5E6E156568BA008D0CBD /* EMTLPhotoQuery.m in Sources */,
				EB9B5E71156568C6008D0CBD /* EMTLPhoto.m in Sources */,
				EB9B5E7815656B1C008D0CBD /* EMTLFlickrPhotoSource.m in Sources */,
				EB9B5E7B15656B3C008D0CBD /* EMTLFlickrFetchPhotoQueryOperation.m in Sources */,
				EB9B5E7E15656B64008D0CBD /* EMTLFlickrFetchImageOperation.m in Sources */,
				EB9B5E8115657213008D0CBD /* EMTLOperationQueue.m in Sources */,
				EBBC51F8156D640100348F34 /* EMTLPhotoSource.m in Sources */,
				EBBC51FC156DA17100348F34 /* EMTLFlickrFetchFavoritesAndCommentsOperation.m in Sources */,
				EB979CB31578318200104282 /* EMTLCachedImage.m in Sources */,
				EB979CB915796A2000104282 /* EMTLLocation.m in Sources */,
				EB14ED661579800A00724F0C /* EMTLFlickrSetFavoriteStateOperation.m in Sources */,
				EB14ED6D15798DE100724F0C /* EMTLUser.m in Sources */,
				EB1FF975157D444A009DA624 /* EMTLFlickrFetchUserOperation.m in Sources */,
				EB14EDCF157E95C200724F0C /* EMTLBackgroundConnection.m in Sources */,
				EB14EDD2157E970300724F0C /* EMTLDownloadOperation.m in Sources */,
				EB14EDD5157EB61000724F0C /* EMTLFlickrFetchLocationOperation.m in Sources */,
				EB14EDD8157EBBBF00724F0C /* EMTLMagicUserList.m in Sources */,
			);
			runOnlyForDeploymentPostprocessing = 0;
		};
		EB52220715377A3A00785F97 /* Sources */ = {
			isa = PBXSourcesBuildPhase;
			buildActionMask = 2147483647;
			files = (
				EB52221C15377A3A00785F97 /* TempestTests.m in Sources */,
				EB69B1F7153CD26D003D8422 /* EMTLPhotoListViewController.m in Sources */,
			);
			runOnlyForDeploymentPostprocessing = 0;
		};
/* End PBXSourcesBuildPhase section */

/* Begin PBXTargetDependency section */
		EB52221315377A3A00785F97 /* PBXTargetDependency */ = {
			isa = PBXTargetDependency;
			target = EB5221EB15377A3A00785F97 /* Tempest */;
			targetProxy = EB52221215377A3A00785F97 /* PBXContainerItemProxy */;
		};
/* End PBXTargetDependency section */

/* Begin PBXVariantGroup section */
		EB5221FB15377A3A00785F97 /* InfoPlist.strings */ = {
			isa = PBXVariantGroup;
			children = (
				EB5221FC15377A3A00785F97 /* en */,
			);
			name = InfoPlist.strings;
			sourceTree = "<group>";
		};
		EB52221715377A3A00785F97 /* InfoPlist.strings */ = {
			isa = PBXVariantGroup;
			children = (
				EB52221815377A3A00785F97 /* en */,
			);
			name = InfoPlist.strings;
			sourceTree = "<group>";
		};
/* End PBXVariantGroup section */

/* Begin XCBuildConfiguration section */
		EB52221D15377A3A00785F97 /* Debug */ = {
			isa = XCBuildConfiguration;
			buildSettings = {
				ALWAYS_SEARCH_USER_PATHS = NO;
				ARCHS = "$(ARCHS_STANDARD_32_BIT)";
				CLANG_ENABLE_OBJC_ARC = YES;
				"CODE_SIGN_IDENTITY[sdk=iphoneos*]" = "iPhone Developer";
				COPY_PHASE_STRIP = NO;
				GCC_C_LANGUAGE_STANDARD = gnu99;
				GCC_DYNAMIC_NO_PIC = NO;
				GCC_OPTIMIZATION_LEVEL = 0;
				GCC_PREPROCESSOR_DEFINITIONS = (
					"DEBUG=1",
					"$(inherited)",
				);
				GCC_SYMBOLS_PRIVATE_EXTERN = NO;
				GCC_TREAT_WARNINGS_AS_ERRORS = YES;
				GCC_VERSION = com.apple.compilers.llvm.clang.1_0;
				GCC_WARN_ABOUT_RETURN_TYPE = YES;
				GCC_WARN_UNINITIALIZED_AUTOS = YES;
				GCC_WARN_UNUSED_VARIABLE = YES;
				IPHONEOS_DEPLOYMENT_TARGET = 5.1;
				OTHER_CFLAGS = "-Werror";
				"PROVISIONING_PROFILE[sdk=iphoneos*]" = "";
				RUN_CLANG_STATIC_ANALYZER = YES;
				SDKROOT = iphoneos;
			};
			name = Debug;
		};
		EB52221E15377A3A00785F97 /* Release */ = {
			isa = XCBuildConfiguration;
			buildSettings = {
				ALWAYS_SEARCH_USER_PATHS = NO;
				ARCHS = "$(ARCHS_STANDARD_32_BIT)";
				CLANG_ENABLE_OBJC_ARC = YES;
				"CODE_SIGN_IDENTITY[sdk=iphoneos*]" = "iPhone Developer";
				COPY_PHASE_STRIP = YES;
				GCC_C_LANGUAGE_STANDARD = gnu99;
				GCC_TREAT_WARNINGS_AS_ERRORS = YES;
				GCC_VERSION = com.apple.compilers.llvm.clang.1_0;
				GCC_WARN_ABOUT_RETURN_TYPE = YES;
				GCC_WARN_UNINITIALIZED_AUTOS = YES;
				GCC_WARN_UNUSED_VARIABLE = YES;
				IPHONEOS_DEPLOYMENT_TARGET = 5.1;
				OTHER_CFLAGS = "-DNS_BLOCK_ASSERTIONS=1";
				RUN_CLANG_STATIC_ANALYZER = YES;
				SDKROOT = iphoneos;
				VALIDATE_PRODUCT = YES;
			};
			name = Release;
		};
		EB52222015377A3A00785F97 /* Debug */ = {
			isa = XCBuildConfiguration;
			buildSettings = {
				GCC_PRECOMPILE_PREFIX_HEADER = YES;
				GCC_PREFIX_HEADER = "Tempest/Tempest-Prefix.pch";
				INFOPLIST_FILE = "Tempest/Tempest-Info.plist";
				PRODUCT_NAME = Tempest;
				WRAPPER_EXTENSION = app;
			};
			name = Debug;
		};
		EB52222115377A3A00785F97 /* Release */ = {
			isa = XCBuildConfiguration;
			buildSettings = {
				GCC_PRECOMPILE_PREFIX_HEADER = YES;
				GCC_PREFIX_HEADER = "Tempest/Tempest-Prefix.pch";
				INFOPLIST_FILE = "Tempest/Tempest-Info.plist";
				PRODUCT_NAME = Tempest;
				WRAPPER_EXTENSION = app;
			};
			name = Release;
		};
		EB52222315377A3A00785F97 /* Debug */ = {
			isa = XCBuildConfiguration;
			buildSettings = {
				BUNDLE_LOADER = "$(BUILT_PRODUCTS_DIR)/Tempest.app/Tempest";
				FRAMEWORK_SEARCH_PATHS = (
					"$(SDKROOT)/Developer/Library/Frameworks",
					"$(DEVELOPER_LIBRARY_DIR)/Frameworks",
				);
				GCC_PRECOMPILE_PREFIX_HEADER = YES;
				GCC_PREFIX_HEADER = "Tempest/Tempest-Prefix.pch";
				INFOPLIST_FILE = "TempestTests/TempestTests-Info.plist";
				PRODUCT_NAME = TempestTests;
				TEST_HOST = "$(BUNDLE_LOADER)";
				WRAPPER_EXTENSION = octest;
			};
			name = Debug;
		};
		EB52222415377A3A00785F97 /* Release */ = {
			isa = XCBuildConfiguration;
			buildSettings = {
				BUNDLE_LOADER = "$(BUILT_PRODUCTS_DIR)/Tempest.app/Tempest";
				FRAMEWORK_SEARCH_PATHS = (
					"$(SDKROOT)/Developer/Library/Frameworks",
					"$(DEVELOPER_LIBRARY_DIR)/Frameworks",
				);
				GCC_PRECOMPILE_PREFIX_HEADER = YES;
				GCC_PREFIX_HEADER = "Tempest/Tempest-Prefix.pch";
				INFOPLIST_FILE = "TempestTests/TempestTests-Info.plist";
				PRODUCT_NAME = TempestTests;
				TEST_HOST = "$(BUNDLE_LOADER)";
				WRAPPER_EXTENSION = octest;
			};
			name = Release;
		};
/* End XCBuildConfiguration section */

/* Begin XCConfigurationList section */
		EB5221E615377A3A00785F97 /* Build configuration list for PBXProject "Tempest" */ = {
			isa = XCConfigurationList;
			buildConfigurations = (
				EB52221D15377A3A00785F97 /* Debug */,
				EB52221E15377A3A00785F97 /* Release */,
			);
			defaultConfigurationIsVisible = 0;
			defaultConfigurationName = Release;
		};
		EB52221F15377A3A00785F97 /* Build configuration list for PBXNativeTarget "Tempest" */ = {
			isa = XCConfigurationList;
			buildConfigurations = (
				EB52222015377A3A00785F97 /* Debug */,
				EB52222115377A3A00785F97 /* Release */,
			);
			defaultConfigurationIsVisible = 0;
			defaultConfigurationName = Release;
		};
		EB52222215377A3A00785F97 /* Build configuration list for PBXNativeTarget "TempestTests" */ = {
			isa = XCConfigurationList;
			buildConfigurations = (
				EB52222315377A3A00785F97 /* Debug */,
				EB52222415377A3A00785F97 /* Release */,
			);
			defaultConfigurationIsVisible = 0;
			defaultConfigurationName = Release;
		};
/* End XCConfigurationList section */
	};
	rootObject = EB5221E315377A3A00785F97 /* Project object */;
}
