// !$*UTF8*$!
{
	archiveVersion = 1;
	classes = {
	};
	objectVersion = 46;
	objects = {

/* Begin PBXBuildFile section */
		EB5221F115377A3A00785F97 /* UIKit.framework in Frameworks */ = {isa = PBXBuildFile; fileRef = EB5221F015377A3A00785F97 /* UIKit.framework */; };
		EB5221F315377A3A00785F97 /* Foundation.framework in Frameworks */ = {isa = PBXBuildFile; fileRef = EB5221F215377A3A00785F97 /* Foundation.framework */; };
		EB5221F515377A3A00785F97 /* CoreGraphics.framework in Frameworks */ = {isa = PBXBuildFile; fileRef = EB5221F415377A3A00785F97 /* CoreGraphics.framework */; };
		EB5221F715377A3A00785F97 /* CoreData.framework in Frameworks */ = {isa = PBXBuildFile; fileRef = EB5221F615377A3A00785F97 /* CoreData.framework */; };
		EB5221FD15377A3A00785F97 /* InfoPlist.strings in Resources */ = {isa = PBXBuildFile; fileRef = EB5221FB15377A3A00785F97 /* InfoPlist.strings */; };
		EB5221FF15377A3A00785F97 /* main.m in Sources */ = {isa = PBXBuildFile; fileRef = EB5221FE15377A3A00785F97 /* main.m */; };
		EB52220315377A3A00785F97 /* EMTLAppDelegate.m in Sources */ = {isa = PBXBuildFile; fileRef = EB52220215377A3A00785F97 /* EMTLAppDelegate.m */; };
		EB52220615377A3A00785F97 /* Flickrgram.xcdatamodeld in Sources */ = {isa = PBXBuildFile; fileRef = EB52220415377A3A00785F97 /* Flickrgram.xcdatamodeld */; };
		EB52220E15377A3A00785F97 /* SenTestingKit.framework in Frameworks */ = {isa = PBXBuildFile; fileRef = EB52220D15377A3A00785F97 /* SenTestingKit.framework */; };
		EB52220F15377A3A00785F97 /* UIKit.framework in Frameworks */ = {isa = PBXBuildFile; fileRef = EB5221F015377A3A00785F97 /* UIKit.framework */; };
		EB52221015377A3A00785F97 /* Foundation.framework in Frameworks */ = {isa = PBXBuildFile; fileRef = EB5221F215377A3A00785F97 /* Foundation.framework */; };
		EB52221115377A3A00785F97 /* CoreData.framework in Frameworks */ = {isa = PBXBuildFile; fileRef = EB5221F615377A3A00785F97 /* CoreData.framework */; };
		EB52221915377A3A00785F97 /* InfoPlist.strings in Resources */ = {isa = PBXBuildFile; fileRef = EB52221715377A3A00785F97 /* InfoPlist.strings */; };
		EB52221C15377A3A00785F97 /* FlickrgramTests.m in Sources */ = {isa = PBXBuildFile; fileRef = EB52221B15377A3A00785F97 /* FlickrgramTests.m */; };
		EB69B1F6153CD26D003D8422 /* EMTLPhotoCell.m in Sources */ = {isa = PBXBuildFile; fileRef = EB69B1F1153CD26D003D8422 /* EMTLPhotoCell.m */; };
		EB69B1F7153CD26D003D8422 /* EMTLPhotoListViewController.m in Sources */ = {isa = PBXBuildFile; fileRef = EB69B1F3153CD26D003D8422 /* EMTLPhotoListViewController.m */; };
		EB69B1F8153CD26D003D8422 /* EMTLPhotoSource.m in Sources */ = {isa = PBXBuildFile; fileRef = EB69B1F5153CD26D003D8422 /* EMTLPhotoSource.m */; };
		EB69B1FA153CD42A003D8422 /* EMTLPhotoCell.h in Sources */ = {isa = PBXBuildFile; fileRef = EB69B1F0153CD26D003D8422 /* EMTLPhotoCell.h */; };
		EB69B1FB153CD42A003D8422 /* EMTLPhotoCell.m in Sources */ = {isa = PBXBuildFile; fileRef = EB69B1F1153CD26D003D8422 /* EMTLPhotoCell.m */; };
		EB69B1FC153CD42A003D8422 /* EMTLPhotoListViewController.h in Sources */ = {isa = PBXBuildFile; fileRef = EB69B1F2153CD26D003D8422 /* EMTLPhotoListViewController.h */; };
		EB69B1FD153CD42A003D8422 /* EMTLPhotoListViewController.m in Sources */ = {isa = PBXBuildFile; fileRef = EB69B1F3153CD26D003D8422 /* EMTLPhotoListViewController.m */; };
		EB69B1FE153CD42A003D8422 /* EMTLPhotoSource.h in Sources */ = {isa = PBXBuildFile; fileRef = EB69B1F4153CD26D003D8422 /* EMTLPhotoSource.h */; };
		EB69B1FF153CD42A003D8422 /* EMTLPhotoSource.m in Sources */ = {isa = PBXBuildFile; fileRef = EB69B1F5153CD26D003D8422 /* EMTLPhotoSource.m */; };
		EB69B241153CD46B003D8422 /* NSMutableURLRequest+Parameters.m in Sources */ = {isa = PBXBuildFile; fileRef = EB69B204153CD46B003D8422 /* NSMutableURLRequest+Parameters.m */; settings = {COMPILER_FLAGS = "-fno-objc-arc"; }; };
		EB69B242153CD46B003D8422 /* NSString+URLEncoding.m in Sources */ = {isa = PBXBuildFile; fileRef = EB69B206153CD46B003D8422 /* NSString+URLEncoding.m */; settings = {COMPILER_FLAGS = "-fno-objc-arc"; }; };
		EB69B243153CD46B003D8422 /* NSURL+Base.m in Sources */ = {isa = PBXBuildFile; fileRef = EB69B208153CD46B003D8422 /* NSURL+Base.m */; settings = {COMPILER_FLAGS = "-fno-objc-arc"; }; };
		EB69B244153CD46B003D8422 /* Base64Transcoder.c in Sources */ = {isa = PBXBuildFile; fileRef = EB69B20A153CD46B003D8422 /* Base64Transcoder.c */; settings = {COMPILER_FLAGS = "-fno-objc-arc"; }; };
		EB69B245153CD46B003D8422 /* hmac.c in Sources */ = {isa = PBXBuildFile; fileRef = EB69B20C153CD46B003D8422 /* hmac.c */; settings = {COMPILER_FLAGS = "-fno-objc-arc"; }; };
		EB69B246153CD46B003D8422 /* sha1.c in Sources */ = {isa = PBXBuildFile; fileRef = EB69B20E153CD46B003D8422 /* sha1.c */; settings = {COMPILER_FLAGS = "-fno-objc-arc"; }; };
		EB69B247153CD46B003D8422 /* OAAttachment.m in Sources */ = {isa = PBXBuildFile; fileRef = EB69B211153CD46B003D8422 /* OAAttachment.m */; settings = {COMPILER_FLAGS = "-fno-objc-arc"; }; };
		EB69B248153CD46B003D8422 /* OACall.m in Sources */ = {isa = PBXBuildFile; fileRef = EB69B213153CD46B003D8422 /* OACall.m */; settings = {COMPILER_FLAGS = "-fno-objc-arc"; }; };
		EB69B249153CD46B003D8422 /* OAConsumer.m in Sources */ = {isa = PBXBuildFile; fileRef = EB69B215153CD46B003D8422 /* OAConsumer.m */; settings = {COMPILER_FLAGS = "-fno-objc-arc"; }; };
		EB69B24A153CD46B003D8422 /* OADataFetcher.m in Sources */ = {isa = PBXBuildFile; fileRef = EB69B217153CD46B003D8422 /* OADataFetcher.m */; settings = {COMPILER_FLAGS = "-fno-objc-arc"; }; };
		EB69B24B153CD46B003D8422 /* OAHMAC_SHA1SignatureProvider.m in Sources */ = {isa = PBXBuildFile; fileRef = EB69B219153CD46B003D8422 /* OAHMAC_SHA1SignatureProvider.m */; settings = {COMPILER_FLAGS = "-fno-objc-arc"; }; };
		EB69B24C153CD46B003D8422 /* OAMutableURLRequest.m in Sources */ = {isa = PBXBuildFile; fileRef = EB69B21B153CD46B003D8422 /* OAMutableURLRequest.m */; settings = {COMPILER_FLAGS = "-fno-objc-arc"; }; };
		EB69B24D153CD46B003D8422 /* OAPlaintextSignatureProvider.m in Sources */ = {isa = PBXBuildFile; fileRef = EB69B21D153CD46B003D8422 /* OAPlaintextSignatureProvider.m */; settings = {COMPILER_FLAGS = "-fno-objc-arc"; }; };
		EB69B24E153CD46B003D8422 /* OAProblem.m in Sources */ = {isa = PBXBuildFile; fileRef = EB69B21F153CD46B003D8422 /* OAProblem.m */; settings = {COMPILER_FLAGS = "-fno-objc-arc"; }; };
		EB69B24F153CD46B003D8422 /* OARequestParameter.m in Sources */ = {isa = PBXBuildFile; fileRef = EB69B221153CD46B003D8422 /* OARequestParameter.m */; settings = {COMPILER_FLAGS = "-fno-objc-arc"; }; };
		EB69B250153CD46B003D8422 /* OAServiceTicket.m in Sources */ = {isa = PBXBuildFile; fileRef = EB69B223153CD46B003D8422 /* OAServiceTicket.m */; settings = {COMPILER_FLAGS = "-fno-objc-arc"; }; };
		EB69B251153CD46B003D8422 /* OATestServer.rb in Resources */ = {isa = PBXBuildFile; fileRef = EB69B225153CD46B003D8422 /* OATestServer.rb */; };
		EB69B252153CD46B003D8422 /* OAToken.m in Sources */ = {isa = PBXBuildFile; fileRef = EB69B227153CD46B003D8422 /* OAToken.m */; settings = {COMPILER_FLAGS = "-fno-objc-arc"; }; };
		EB69B253153CD46B003D8422 /* OATokenManager.m in Sources */ = {isa = PBXBuildFile; fileRef = EB69B229153CD46B003D8422 /* OATokenManager.m */; settings = {COMPILER_FLAGS = "-fno-objc-arc"; }; };
		EB69B254153CD46B003D8422 /* README in Resources */ = {isa = PBXBuildFile; fileRef = EB69B22B153CD46B003D8422 /* README */; };
		EB69B255153CD46B003D8422 /* 1.jpg in Resources */ = {isa = PBXBuildFile; fileRef = EB69B22D153CD46B003D8422 /* 1.jpg */; };
		EB69B256153CD46B003D8422 /* 10.jpg in Resources */ = {isa = PBXBuildFile; fileRef = EB69B22E153CD46B003D8422 /* 10.jpg */; };
		EB69B257153CD46B003D8422 /* 11.jpg in Resources */ = {isa = PBXBuildFile; fileRef = EB69B22F153CD46B003D8422 /* 11.jpg */; };
		EB69B258153CD46B003D8422 /* 12.jpg in Resources */ = {isa = PBXBuildFile; fileRef = EB69B230153CD46B003D8422 /* 12.jpg */; };
		EB69B259153CD46B003D8422 /* 13.jpg in Resources */ = {isa = PBXBuildFile; fileRef = EB69B231153CD46B003D8422 /* 13.jpg */; };
		EB69B25A153CD46B003D8422 /* 14.jpg in Resources */ = {isa = PBXBuildFile; fileRef = EB69B232153CD46B003D8422 /* 14.jpg */; };
		EB69B25B153CD46B003D8422 /* 15.jpg in Resources */ = {isa = PBXBuildFile; fileRef = EB69B233153CD46B003D8422 /* 15.jpg */; };
		EB69B25C153CD46B003D8422 /* 16.jpg in Resources */ = {isa = PBXBuildFile; fileRef = EB69B234153CD46B003D8422 /* 16.jpg */; };
		EB69B25D153CD46B003D8422 /* 17.jpg in Resources */ = {isa = PBXBuildFile; fileRef = EB69B235153CD46B003D8422 /* 17.jpg */; };
		EB69B25E153CD46B003D8422 /* 18.jpg in Resources */ = {isa = PBXBuildFile; fileRef = EB69B236153CD46B003D8422 /* 18.jpg */; };
		EB69B25F153CD46B003D8422 /* 19.jpg in Resources */ = {isa = PBXBuildFile; fileRef = EB69B237153CD46B003D8422 /* 19.jpg */; };
		EB69B260153CD46B003D8422 /* 2.jpg in Resources */ = {isa = PBXBuildFile; fileRef = EB69B238153CD46B003D8422 /* 2.jpg */; };
		EB69B261153CD46B003D8422 /* 20.jpg in Resources */ = {isa = PBXBuildFile; fileRef = EB69B239153CD46B003D8422 /* 20.jpg */; };
		EB69B262153CD46B003D8422 /* 3.jpg in Resources */ = {isa = PBXBuildFile; fileRef = EB69B23A153CD46B003D8422 /* 3.jpg */; };
		EB69B263153CD46B003D8422 /* 4.jpg in Resources */ = {isa = PBXBuildFile; fileRef = EB69B23B153CD46B003D8422 /* 4.jpg */; };
		EB69B264153CD46B003D8422 /* 5.jpg in Resources */ = {isa = PBXBuildFile; fileRef = EB69B23C153CD46B003D8422 /* 5.jpg */; };
		EB69B265153CD46B003D8422 /* 6.jpg in Resources */ = {isa = PBXBuildFile; fileRef = EB69B23D153CD46B003D8422 /* 6.jpg */; };
		EB69B266153CD46B003D8422 /* 7.jpg in Resources */ = {isa = PBXBuildFile; fileRef = EB69B23E153CD46B003D8422 /* 7.jpg */; };
		EB69B267153CD46B003D8422 /* 8.jpg in Resources */ = {isa = PBXBuildFile; fileRef = EB69B23F153CD46B003D8422 /* 8.jpg */; };
		EB69B268153CD46B003D8422 /* 9.jpg in Resources */ = {isa = PBXBuildFile; fileRef = EB69B240153CD46B003D8422 /* 9.jpg */; };
/* End PBXBuildFile section */

/* Begin PBXContainerItemProxy section */
		EB52221215377A3A00785F97 /* PBXContainerItemProxy */ = {
			isa = PBXContainerItemProxy;
			containerPortal = EB5221E315377A3A00785F97 /* Project object */;
			proxyType = 1;
			remoteGlobalIDString = EB5221EB15377A3A00785F97;
			remoteInfo = Flickrgram;
		};
/* End PBXContainerItemProxy section */

/* Begin PBXFileReference section */
		EB5221EC15377A3A00785F97 /* Flickrgram.app */ = {isa = PBXFileReference; explicitFileType = wrapper.application; includeInIndex = 0; path = Flickrgram.app; sourceTree = BUILT_PRODUCTS_DIR; };
		EB5221F015377A3A00785F97 /* UIKit.framework */ = {isa = PBXFileReference; lastKnownFileType = wrapper.framework; name = UIKit.framework; path = System/Library/Frameworks/UIKit.framework; sourceTree = SDKROOT; };
		EB5221F215377A3A00785F97 /* Foundation.framework */ = {isa = PBXFileReference; lastKnownFileType = wrapper.framework; name = Foundation.framework; path = System/Library/Frameworks/Foundation.framework; sourceTree = SDKROOT; };
		EB5221F415377A3A00785F97 /* CoreGraphics.framework */ = {isa = PBXFileReference; lastKnownFileType = wrapper.framework; name = CoreGraphics.framework; path = System/Library/Frameworks/CoreGraphics.framework; sourceTree = SDKROOT; };
		EB5221F615377A3A00785F97 /* CoreData.framework */ = {isa = PBXFileReference; lastKnownFileType = wrapper.framework; name = CoreData.framework; path = System/Library/Frameworks/CoreData.framework; sourceTree = SDKROOT; };
		EB5221FA15377A3A00785F97 /* Flickrgram-Info.plist */ = {isa = PBXFileReference; lastKnownFileType = text.plist.xml; path = "Flickrgram-Info.plist"; sourceTree = "<group>"; };
		EB5221FC15377A3A00785F97 /* en */ = {isa = PBXFileReference; lastKnownFileType = text.plist.strings; name = en; path = en.lproj/InfoPlist.strings; sourceTree = "<group>"; };
		EB5221FE15377A3A00785F97 /* main.m */ = {isa = PBXFileReference; lastKnownFileType = sourcecode.c.objc; path = main.m; sourceTree = "<group>"; };
		EB52220015377A3A00785F97 /* Flickrgram-Prefix.pch */ = {isa = PBXFileReference; lastKnownFileType = sourcecode.c.h; path = "Flickrgram-Prefix.pch"; sourceTree = "<group>"; };
		EB52220115377A3A00785F97 /* EMTLAppDelegate.h */ = {isa = PBXFileReference; lastKnownFileType = sourcecode.c.h; path = EMTLAppDelegate.h; sourceTree = "<group>"; };
		EB52220215377A3A00785F97 /* EMTLAppDelegate.m */ = {isa = PBXFileReference; lastKnownFileType = sourcecode.c.objc; path = EMTLAppDelegate.m; sourceTree = "<group>"; };
		EB52220515377A3A00785F97 /* Flickrgram.xcdatamodel */ = {isa = PBXFileReference; lastKnownFileType = wrapper.xcdatamodel; path = Flickrgram.xcdatamodel; sourceTree = "<group>"; };
		EB52220C15377A3A00785F97 /* FlickrgramTests.octest */ = {isa = PBXFileReference; explicitFileType = wrapper.cfbundle; includeInIndex = 0; path = FlickrgramTests.octest; sourceTree = BUILT_PRODUCTS_DIR; };
		EB52220D15377A3A00785F97 /* SenTestingKit.framework */ = {isa = PBXFileReference; lastKnownFileType = wrapper.framework; name = SenTestingKit.framework; path = Library/Frameworks/SenTestingKit.framework; sourceTree = DEVELOPER_DIR; };
		EB52221615377A3A00785F97 /* FlickrgramTests-Info.plist */ = {isa = PBXFileReference; lastKnownFileType = text.plist.xml; path = "FlickrgramTests-Info.plist"; sourceTree = "<group>"; };
		EB52221815377A3A00785F97 /* en */ = {isa = PBXFileReference; lastKnownFileType = text.plist.strings; name = en; path = en.lproj/InfoPlist.strings; sourceTree = "<group>"; };
		EB52221A15377A3A00785F97 /* FlickrgramTests.h */ = {isa = PBXFileReference; lastKnownFileType = sourcecode.c.h; path = FlickrgramTests.h; sourceTree = "<group>"; };
		EB52221B15377A3A00785F97 /* FlickrgramTests.m */ = {isa = PBXFileReference; lastKnownFileType = sourcecode.c.objc; path = FlickrgramTests.m; sourceTree = "<group>"; };
		EB69B1F0153CD26D003D8422 /* EMTLPhotoCell.h */ = {isa = PBXFileReference; fileEncoding = 4; lastKnownFileType = sourcecode.c.h; path = EMTLPhotoCell.h; sourceTree = "<group>"; };
		EB69B1F1153CD26D003D8422 /* EMTLPhotoCell.m */ = {isa = PBXFileReference; fileEncoding = 4; lastKnownFileType = sourcecode.c.objc; path = EMTLPhotoCell.m; sourceTree = "<group>"; };
		EB69B1F2153CD26D003D8422 /* EMTLPhotoListViewController.h */ = {isa = PBXFileReference; fileEncoding = 4; lastKnownFileType = sourcecode.c.h; path = EMTLPhotoListViewController.h; sourceTree = "<group>"; };
		EB69B1F3153CD26D003D8422 /* EMTLPhotoListViewController.m */ = {isa = PBXFileReference; fileEncoding = 4; lastKnownFileType = sourcecode.c.objc; path = EMTLPhotoListViewController.m; sourceTree = "<group>"; };
		EB69B1F4153CD26D003D8422 /* EMTLPhotoSource.h */ = {isa = PBXFileReference; fileEncoding = 4; lastKnownFileType = sourcecode.c.h; path = EMTLPhotoSource.h; sourceTree = "<group>"; };
		EB69B1F5153CD26D003D8422 /* EMTLPhotoSource.m */ = {isa = PBXFileReference; fileEncoding = 4; lastKnownFileType = sourcecode.c.objc; path = EMTLPhotoSource.m; sourceTree = "<group>"; };
		EB69B203153CD46B003D8422 /* NSMutableURLRequest+Parameters.h */ = {isa = PBXFileReference; fileEncoding = 4; lastKnownFileType = sourcecode.c.h; path = "NSMutableURLRequest+Parameters.h"; sourceTree = "<group>"; };
		EB69B204153CD46B003D8422 /* NSMutableURLRequest+Parameters.m */ = {isa = PBXFileReference; fileEncoding = 4; lastKnownFileType = sourcecode.c.objc; path = "NSMutableURLRequest+Parameters.m"; sourceTree = "<group>"; };
		EB69B205153CD46B003D8422 /* NSString+URLEncoding.h */ = {isa = PBXFileReference; fileEncoding = 4; lastKnownFileType = sourcecode.c.h; path = "NSString+URLEncoding.h"; sourceTree = "<group>"; };
		EB69B206153CD46B003D8422 /* NSString+URLEncoding.m */ = {isa = PBXFileReference; fileEncoding = 4; lastKnownFileType = sourcecode.c.objc; path = "NSString+URLEncoding.m"; sourceTree = "<group>"; };
		EB69B207153CD46B003D8422 /* NSURL+Base.h */ = {isa = PBXFileReference; fileEncoding = 4; lastKnownFileType = sourcecode.c.h; path = "NSURL+Base.h"; sourceTree = "<group>"; };
		EB69B208153CD46B003D8422 /* NSURL+Base.m */ = {isa = PBXFileReference; fileEncoding = 4; lastKnownFileType = sourcecode.c.objc; path = "NSURL+Base.m"; sourceTree = "<group>"; };
		EB69B20A153CD46B003D8422 /* Base64Transcoder.c */ = {isa = PBXFileReference; fileEncoding = 4; lastKnownFileType = sourcecode.c.c; path = Base64Transcoder.c; sourceTree = "<group>"; };
		EB69B20B153CD46B003D8422 /* Base64Transcoder.h */ = {isa = PBXFileReference; fileEncoding = 4; lastKnownFileType = sourcecode.c.h; path = Base64Transcoder.h; sourceTree = "<group>"; };
		EB69B20C153CD46B003D8422 /* hmac.c */ = {isa = PBXFileReference; fileEncoding = 4; lastKnownFileType = sourcecode.c.c; path = hmac.c; sourceTree = "<group>"; };
		EB69B20D153CD46B003D8422 /* hmac.h */ = {isa = PBXFileReference; fileEncoding = 4; lastKnownFileType = sourcecode.c.h; path = hmac.h; sourceTree = "<group>"; };
		EB69B20E153CD46B003D8422 /* sha1.c */ = {isa = PBXFileReference; fileEncoding = 4; lastKnownFileType = sourcecode.c.c; path = sha1.c; sourceTree = "<group>"; };
		EB69B20F153CD46B003D8422 /* sha1.h */ = {isa = PBXFileReference; fileEncoding = 4; lastKnownFileType = sourcecode.c.h; path = sha1.h; sourceTree = "<group>"; };
		EB69B210153CD46B003D8422 /* OAAttachment.h */ = {isa = PBXFileReference; fileEncoding = 4; lastKnownFileType = sourcecode.c.h; path = OAAttachment.h; sourceTree = "<group>"; };
		EB69B211153CD46B003D8422 /* OAAttachment.m */ = {isa = PBXFileReference; fileEncoding = 4; lastKnownFileType = sourcecode.c.objc; path = OAAttachment.m; sourceTree = "<group>"; };
		EB69B212153CD46B003D8422 /* OACall.h */ = {isa = PBXFileReference; fileEncoding = 4; lastKnownFileType = sourcecode.c.h; path = OACall.h; sourceTree = "<group>"; };
		EB69B213153CD46B003D8422 /* OACall.m */ = {isa = PBXFileReference; fileEncoding = 4; lastKnownFileType = sourcecode.c.objc; path = OACall.m; sourceTree = "<group>"; };
		EB69B214153CD46B003D8422 /* OAConsumer.h */ = {isa = PBXFileReference; fileEncoding = 4; lastKnownFileType = sourcecode.c.h; path = OAConsumer.h; sourceTree = "<group>"; };
		EB69B215153CD46B003D8422 /* OAConsumer.m */ = {isa = PBXFileReference; fileEncoding = 4; lastKnownFileType = sourcecode.c.objc; path = OAConsumer.m; sourceTree = "<group>"; };
		EB69B216153CD46B003D8422 /* OADataFetcher.h */ = {isa = PBXFileReference; fileEncoding = 4; lastKnownFileType = sourcecode.c.h; path = OADataFetcher.h; sourceTree = "<group>"; };
		EB69B217153CD46B003D8422 /* OADataFetcher.m */ = {isa = PBXFileReference; fileEncoding = 4; lastKnownFileType = sourcecode.c.objc; path = OADataFetcher.m; sourceTree = "<group>"; };
		EB69B218153CD46B003D8422 /* OAHMAC_SHA1SignatureProvider.h */ = {isa = PBXFileReference; fileEncoding = 4; lastKnownFileType = sourcecode.c.h; path = OAHMAC_SHA1SignatureProvider.h; sourceTree = "<group>"; };
		EB69B219153CD46B003D8422 /* OAHMAC_SHA1SignatureProvider.m */ = {isa = PBXFileReference; fileEncoding = 4; lastKnownFileType = sourcecode.c.objc; path = OAHMAC_SHA1SignatureProvider.m; sourceTree = "<group>"; };
		EB69B21A153CD46B003D8422 /* OAMutableURLRequest.h */ = {isa = PBXFileReference; fileEncoding = 4; lastKnownFileType = sourcecode.c.h; path = OAMutableURLRequest.h; sourceTree = "<group>"; };
		EB69B21B153CD46B003D8422 /* OAMutableURLRequest.m */ = {isa = PBXFileReference; fileEncoding = 4; lastKnownFileType = sourcecode.c.objc; path = OAMutableURLRequest.m; sourceTree = "<group>"; };
		EB69B21C153CD46B003D8422 /* OAPlaintextSignatureProvider.h */ = {isa = PBXFileReference; fileEncoding = 4; lastKnownFileType = sourcecode.c.h; path = OAPlaintextSignatureProvider.h; sourceTree = "<group>"; };
		EB69B21D153CD46B003D8422 /* OAPlaintextSignatureProvider.m */ = {isa = PBXFileReference; fileEncoding = 4; lastKnownFileType = sourcecode.c.objc; path = OAPlaintextSignatureProvider.m; sourceTree = "<group>"; };
		EB69B21E153CD46B003D8422 /* OAProblem.h */ = {isa = PBXFileReference; fileEncoding = 4; lastKnownFileType = sourcecode.c.h; path = OAProblem.h; sourceTree = "<group>"; };
		EB69B21F153CD46B003D8422 /* OAProblem.m */ = {isa = PBXFileReference; fileEncoding = 4; lastKnownFileType = sourcecode.c.objc; path = OAProblem.m; sourceTree = "<group>"; };
		EB69B220153CD46B003D8422 /* OARequestParameter.h */ = {isa = PBXFileReference; fileEncoding = 4; lastKnownFileType = sourcecode.c.h; path = OARequestParameter.h; sourceTree = "<group>"; };
		EB69B221153CD46B003D8422 /* OARequestParameter.m */ = {isa = PBXFileReference; fileEncoding = 4; lastKnownFileType = sourcecode.c.objc; path = OARequestParameter.m; sourceTree = "<group>"; };
		EB69B222153CD46B003D8422 /* OAServiceTicket.h */ = {isa = PBXFileReference; fileEncoding = 4; lastKnownFileType = sourcecode.c.h; path = OAServiceTicket.h; sourceTree = "<group>"; };
		EB69B223153CD46B003D8422 /* OAServiceTicket.m */ = {isa = PBXFileReference; fileEncoding = 4; lastKnownFileType = sourcecode.c.objc; path = OAServiceTicket.m; sourceTree = "<group>"; };
		EB69B224153CD46B003D8422 /* OASignatureProviding.h */ = {isa = PBXFileReference; fileEncoding = 4; lastKnownFileType = sourcecode.c.h; path = OASignatureProviding.h; sourceTree = "<group>"; };
		EB69B225153CD46B003D8422 /* OATestServer.rb */ = {isa = PBXFileReference; fileEncoding = 4; lastKnownFileType = text.script.ruby; path = OATestServer.rb; sourceTree = "<group>"; };
		EB69B226153CD46B003D8422 /* OAToken.h */ = {isa = PBXFileReference; fileEncoding = 4; lastKnownFileType = sourcecode.c.h; path = OAToken.h; sourceTree = "<group>"; };
		EB69B227153CD46B003D8422 /* OAToken.m */ = {isa = PBXFileReference; fileEncoding = 4; lastKnownFileType = sourcecode.c.objc; path = OAToken.m; sourceTree = "<group>"; };
		EB69B228153CD46B003D8422 /* OATokenManager.h */ = {isa = PBXFileReference; fileEncoding = 4; lastKnownFileType = sourcecode.c.h; path = OATokenManager.h; sourceTree = "<group>"; };
		EB69B229153CD46B003D8422 /* OATokenManager.m */ = {isa = PBXFileReference; fileEncoding = 4; lastKnownFileType = sourcecode.c.objc; path = OATokenManager.m; sourceTree = "<group>"; };
		EB69B22A153CD46B003D8422 /* OAuthConsumer.h */ = {isa = PBXFileReference; fileEncoding = 4; lastKnownFileType = sourcecode.c.h; path = OAuthConsumer.h; sourceTree = "<group>"; };
		EB69B22B153CD46B003D8422 /* README */ = {isa = PBXFileReference; fileEncoding = 4; lastKnownFileType = text; path = README; sourceTree = "<group>"; };
		EB69B22D153CD46B003D8422 /* 1.jpg */ = {isa = PBXFileReference; lastKnownFileType = image.jpeg; path = 1.jpg; sourceTree = "<group>"; };
		EB69B22E153CD46B003D8422 /* 10.jpg */ = {isa = PBXFileReference; lastKnownFileType = image.jpeg; path = 10.jpg; sourceTree = "<group>"; };
		EB69B22F153CD46B003D8422 /* 11.jpg */ = {isa = PBXFileReference; lastKnownFileType = image.jpeg; path = 11.jpg; sourceTree = "<group>"; };
		EB69B230153CD46B003D8422 /* 12.jpg */ = {isa = PBXFileReference; lastKnownFileType = image.jpeg; path = 12.jpg; sourceTree = "<group>"; };
		EB69B231153CD46B003D8422 /* 13.jpg */ = {isa = PBXFileReference; lastKnownFileType = image.jpeg; path = 13.jpg; sourceTree = "<group>"; };
		EB69B232153CD46B003D8422 /* 14.jpg */ = {isa = PBXFileReference; lastKnownFileType = image.jpeg; path = 14.jpg; sourceTree = "<group>"; };
		EB69B233153CD46B003D8422 /* 15.jpg */ = {isa = PBXFileReference; lastKnownFileType = image.jpeg; path = 15.jpg; sourceTree = "<group>"; };
		EB69B234153CD46B003D8422 /* 16.jpg */ = {isa = PBXFileReference; lastKnownFileType = image.jpeg; path = 16.jpg; sourceTree = "<group>"; };
		EB69B235153CD46B003D8422 /* 17.jpg */ = {isa = PBXFileReference; lastKnownFileType = image.jpeg; path = 17.jpg; sourceTree = "<group>"; };
		EB69B236153CD46B003D8422 /* 18.jpg */ = {isa = PBXFileReference; lastKnownFileType = image.jpeg; path = 18.jpg; sourceTree = "<group>"; };
		EB69B237153CD46B003D8422 /* 19.jpg */ = {isa = PBXFileReference; lastKnownFileType = image.jpeg; path = 19.jpg; sourceTree = "<group>"; };
		EB69B238153CD46B003D8422 /* 2.jpg */ = {isa = PBXFileReference; lastKnownFileType = image.jpeg; path = 2.jpg; sourceTree = "<group>"; };
		EB69B239153CD46B003D8422 /* 20.jpg */ = {isa = PBXFileReference; lastKnownFileType = image.jpeg; path = 20.jpg; sourceTree = "<group>"; };
		EB69B23A153CD46B003D8422 /* 3.jpg */ = {isa = PBXFileReference; lastKnownFileType = image.jpeg; path = 3.jpg; sourceTree = "<group>"; };
		EB69B23B153CD46B003D8422 /* 4.jpg */ = {isa = PBXFileReference; lastKnownFileType = image.jpeg; path = 4.jpg; sourceTree = "<group>"; };
		EB69B23C153CD46B003D8422 /* 5.jpg */ = {isa = PBXFileReference; lastKnownFileType = image.jpeg; path = 5.jpg; sourceTree = "<group>"; };
		EB69B23D153CD46B003D8422 /* 6.jpg */ = {isa = PBXFileReference; lastKnownFileType = image.jpeg; path = 6.jpg; sourceTree = "<group>"; };
		EB69B23E153CD46B003D8422 /* 7.jpg */ = {isa = PBXFileReference; lastKnownFileType = image.jpeg; path = 7.jpg; sourceTree = "<group>"; };
		EB69B23F153CD46B003D8422 /* 8.jpg */ = {isa = PBXFileReference; lastKnownFileType = image.jpeg; path = 8.jpg; sourceTree = "<group>"; };
		EB69B240153CD46B003D8422 /* 9.jpg */ = {isa = PBXFileReference; lastKnownFileType = image.jpeg; path = 9.jpg; sourceTree = "<group>"; };
/* End PBXFileReference section */

/* Begin PBXFrameworksBuildPhase section */
		EB5221E915377A3A00785F97 /* Frameworks */ = {
			isa = PBXFrameworksBuildPhase;
			buildActionMask = 2147483647;
			files = (
				EB5221F115377A3A00785F97 /* UIKit.framework in Frameworks */,
				EB5221F315377A3A00785F97 /* Foundation.framework in Frameworks */,
				EB5221F515377A3A00785F97 /* CoreGraphics.framework in Frameworks */,
				EB5221F715377A3A00785F97 /* CoreData.framework in Frameworks */,
			);
			runOnlyForDeploymentPostprocessing = 0;
		};
		EB52220815377A3A00785F97 /* Frameworks */ = {
			isa = PBXFrameworksBuildPhase;
			buildActionMask = 2147483647;
			files = (
				EB52220E15377A3A00785F97 /* SenTestingKit.framework in Frameworks */,
				EB52220F15377A3A00785F97 /* UIKit.framework in Frameworks */,
				EB52221015377A3A00785F97 /* Foundation.framework in Frameworks */,
				EB52221115377A3A00785F97 /* CoreData.framework in Frameworks */,
			);
			runOnlyForDeploymentPostprocessing = 0;
		};
/* End PBXFrameworksBuildPhase section */

/* Begin PBXGroup section */
		EB5221E115377A3A00785F97 = {
			isa = PBXGroup;
			children = (
				EB5221F815377A3A00785F97 /* Flickrgram */,
				EB52221415377A3A00785F97 /* FlickrgramTests */,
				EB5221EF15377A3A00785F97 /* Frameworks */,
				EB5221ED15377A3A00785F97 /* Products */,
			);
			sourceTree = "<group>";
		};
		EB5221ED15377A3A00785F97 /* Products */ = {
			isa = PBXGroup;
			children = (
				EB5221EC15377A3A00785F97 /* Flickrgram.app */,
				EB52220C15377A3A00785F97 /* FlickrgramTests.octest */,
			);
			name = Products;
			sourceTree = "<group>";
		};
		EB5221EF15377A3A00785F97 /* Frameworks */ = {
			isa = PBXGroup;
			children = (
				EB5221F015377A3A00785F97 /* UIKit.framework */,
				EB5221F215377A3A00785F97 /* Foundation.framework */,
				EB5221F415377A3A00785F97 /* CoreGraphics.framework */,
				EB5221F615377A3A00785F97 /* CoreData.framework */,
				EB52220D15377A3A00785F97 /* SenTestingKit.framework */,
			);
			name = Frameworks;
			sourceTree = "<group>";
		};
		EB5221F815377A3A00785F97 /* Flickrgram */ = {
			isa = PBXGroup;
			children = (
				EB52220115377A3A00785F97 /* EMTLAppDelegate.h */,
				EB52220215377A3A00785F97 /* EMTLAppDelegate.m */,
				EB69B1F0153CD26D003D8422 /* EMTLPhotoCell.h */,
				EB69B1F1153CD26D003D8422 /* EMTLPhotoCell.m */,
				EB69B1F2153CD26D003D8422 /* EMTLPhotoListViewController.h */,
				EB69B1F3153CD26D003D8422 /* EMTLPhotoListViewController.m */,
				EB69B1F4153CD26D003D8422 /* EMTLPhotoSource.h */,
				EB69B1F5153CD26D003D8422 /* EMTLPhotoSource.m */,
				EB52220415377A3A00785F97 /* Flickrgram.xcdatamodeld */,
				EB69B201153CD46B003D8422 /* OAuthConsumer */,
				EB69B200153CD46B003D8422 /* Assets */,
				EB69B22C153CD46B003D8422 /* Sample Images */,
				EB5221F915377A3A00785F97 /* Supporting Files */,
			);
			path = Flickrgram;
			sourceTree = "<group>";
		};
		EB5221F915377A3A00785F97 /* Supporting Files */ = {
			isa = PBXGroup;
			children = (
				EB5221FA15377A3A00785F97 /* Flickrgram-Info.plist */,
				EB5221FB15377A3A00785F97 /* InfoPlist.strings */,
				EB5221FE15377A3A00785F97 /* main.m */,
				EB52220015377A3A00785F97 /* Flickrgram-Prefix.pch */,
			);
			name = "Supporting Files";
			sourceTree = "<group>";
		};
		EB52221415377A3A00785F97 /* FlickrgramTests */ = {
			isa = PBXGroup;
			children = (
				EB52221A15377A3A00785F97 /* FlickrgramTests.h */,
				EB52221B15377A3A00785F97 /* FlickrgramTests.m */,
				EB52221515377A3A00785F97 /* Supporting Files */,
			);
			path = FlickrgramTests;
			sourceTree = "<group>";
		};
		EB52221515377A3A00785F97 /* Supporting Files */ = {
			isa = PBXGroup;
			children = (
				EB52221615377A3A00785F97 /* FlickrgramTests-Info.plist */,
				EB52221715377A3A00785F97 /* InfoPlist.strings */,
			);
			name = "Supporting Files";
			sourceTree = "<group>";
		};
		EB69B200153CD46B003D8422 /* Assets */ = {
			isa = PBXGroup;
			children = (
			);
			path = Assets;
			sourceTree = "<group>";
		};
		EB69B201153CD46B003D8422 /* OAuthConsumer */ = {
			isa = PBXGroup;
			children = (
				EB69B202153CD46B003D8422 /* Categories */,
				EB69B209153CD46B003D8422 /* Crypto */,
				EB69B210153CD46B003D8422 /* OAAttachment.h */,
				EB69B211153CD46B003D8422 /* OAAttachment.m */,
				EB69B212153CD46B003D8422 /* OACall.h */,
				EB69B213153CD46B003D8422 /* OACall.m */,
				EB69B214153CD46B003D8422 /* OAConsumer.h */,
				EB69B215153CD46B003D8422 /* OAConsumer.m */,
				EB69B216153CD46B003D8422 /* OADataFetcher.h */,
				EB69B217153CD46B003D8422 /* OADataFetcher.m */,
				EB69B218153CD46B003D8422 /* OAHMAC_SHA1SignatureProvider.h */,
				EB69B219153CD46B003D8422 /* OAHMAC_SHA1SignatureProvider.m */,
				EB69B21A153CD46B003D8422 /* OAMutableURLRequest.h */,
				EB69B21B153CD46B003D8422 /* OAMutableURLRequest.m */,
				EB69B21C153CD46B003D8422 /* OAPlaintextSignatureProvider.h */,
				EB69B21D153CD46B003D8422 /* OAPlaintextSignatureProvider.m */,
				EB69B21E153CD46B003D8422 /* OAProblem.h */,
				EB69B21F153CD46B003D8422 /* OAProblem.m */,
				EB69B220153CD46B003D8422 /* OARequestParameter.h */,
				EB69B221153CD46B003D8422 /* OARequestParameter.m */,
				EB69B222153CD46B003D8422 /* OAServiceTicket.h */,
				EB69B223153CD46B003D8422 /* OAServiceTicket.m */,
				EB69B224153CD46B003D8422 /* OASignatureProviding.h */,
				EB69B225153CD46B003D8422 /* OATestServer.rb */,
				EB69B226153CD46B003D8422 /* OAToken.h */,
				EB69B227153CD46B003D8422 /* OAToken.m */,
				EB69B228153CD46B003D8422 /* OATokenManager.h */,
				EB69B229153CD46B003D8422 /* OATokenManager.m */,
				EB69B22A153CD46B003D8422 /* OAuthConsumer.h */,
				EB69B22B153CD46B003D8422 /* README */,
			);
			path = OAuthConsumer;
			sourceTree = "<group>";
		};
		EB69B202153CD46B003D8422 /* Categories */ = {
			isa = PBXGroup;
			children = (
				EB69B203153CD46B003D8422 /* NSMutableURLRequest+Parameters.h */,
				EB69B204153CD46B003D8422 /* NSMutableURLRequest+Parameters.m */,
				EB69B205153CD46B003D8422 /* NSString+URLEncoding.h */,
				EB69B206153CD46B003D8422 /* NSString+URLEncoding.m */,
				EB69B207153CD46B003D8422 /* NSURL+Base.h */,
				EB69B208153CD46B003D8422 /* NSURL+Base.m */,
			);
			path = Categories;
			sourceTree = "<group>";
		};
		EB69B209153CD46B003D8422 /* Crypto */ = {
			isa = PBXGroup;
			children = (
				EB69B20A153CD46B003D8422 /* Base64Transcoder.c */,
				EB69B20B153CD46B003D8422 /* Base64Transcoder.h */,
				EB69B20C153CD46B003D8422 /* hmac.c */,
				EB69B20D153CD46B003D8422 /* hmac.h */,
				EB69B20E153CD46B003D8422 /* sha1.c */,
				EB69B20F153CD46B003D8422 /* sha1.h */,
			);
			path = Crypto;
			sourceTree = "<group>";
		};
		EB69B22C153CD46B003D8422 /* Sample Images */ = {
			isa = PBXGroup;
			children = (
				EB69B22D153CD46B003D8422 /* 1.jpg */,
				EB69B22E153CD46B003D8422 /* 10.jpg */,
				EB69B22F153CD46B003D8422 /* 11.jpg */,
				EB69B230153CD46B003D8422 /* 12.jpg */,
				EB69B231153CD46B003D8422 /* 13.jpg */,
				EB69B232153CD46B003D8422 /* 14.jpg */,
				EB69B233153CD46B003D8422 /* 15.jpg */,
				EB69B234153CD46B003D8422 /* 16.jpg */,
				EB69B235153CD46B003D8422 /* 17.jpg */,
				EB69B236153CD46B003D8422 /* 18.jpg */,
				EB69B237153CD46B003D8422 /* 19.jpg */,
				EB69B238153CD46B003D8422 /* 2.jpg */,
				EB69B239153CD46B003D8422 /* 20.jpg */,
				EB69B23A153CD46B003D8422 /* 3.jpg */,
				EB69B23B153CD46B003D8422 /* 4.jpg */,
				EB69B23C153CD46B003D8422 /* 5.jpg */,
				EB69B23D153CD46B003D8422 /* 6.jpg */,
				EB69B23E153CD46B003D8422 /* 7.jpg */,
				EB69B23F153CD46B003D8422 /* 8.jpg */,
				EB69B240153CD46B003D8422 /* 9.jpg */,
			);
			path = "Sample Images";
			sourceTree = "<group>";
		};
/* End PBXGroup section */

/* Begin PBXNativeTarget section */
		EB5221EB15377A3A00785F97 /* Flickrgram */ = {
			isa = PBXNativeTarget;
			buildConfigurationList = EB52221F15377A3A00785F97 /* Build configuration list for PBXNativeTarget "Flickrgram" */;
			buildPhases = (
				EB5221E815377A3A00785F97 /* Sources */,
				EB5221E915377A3A00785F97 /* Frameworks */,
				EB5221EA15377A3A00785F97 /* Resources */,
			);
			buildRules = (
			);
			dependencies = (
			);
			name = Flickrgram;
			productName = Flickrgram;
			productReference = EB5221EC15377A3A00785F97 /* Flickrgram.app */;
			productType = "com.apple.product-type.application";
		};
		EB52220B15377A3A00785F97 /* FlickrgramTests */ = {
			isa = PBXNativeTarget;
			buildConfigurationList = EB52222215377A3A00785F97 /* Build configuration list for PBXNativeTarget "FlickrgramTests" */;
			buildPhases = (
				EB52220715377A3A00785F97 /* Sources */,
				EB52220815377A3A00785F97 /* Frameworks */,
				EB52220915377A3A00785F97 /* Resources */,
				EB52220A15377A3A00785F97 /* ShellScript */,
			);
			buildRules = (
			);
			dependencies = (
				EB52221315377A3A00785F97 /* PBXTargetDependency */,
			);
			name = FlickrgramTests;
			productName = FlickrgramTests;
			productReference = EB52220C15377A3A00785F97 /* FlickrgramTests.octest */;
			productType = "com.apple.product-type.bundle";
		};
/* End PBXNativeTarget section */

/* Begin PBXProject section */
		EB5221E315377A3A00785F97 /* Project object */ = {
			isa = PBXProject;
			attributes = {
				CLASSPREFIX = EMTL;
				LastUpgradeCheck = 0430;
			};
			buildConfigurationList = EB5221E615377A3A00785F97 /* Build configuration list for PBXProject "Flickrgram" */;
			compatibilityVersion = "Xcode 3.2";
			developmentRegion = English;
			hasScannedForEncodings = 0;
			knownRegions = (
				en,
			);
			mainGroup = EB5221E115377A3A00785F97;
			productRefGroup = EB5221ED15377A3A00785F97 /* Products */;
			projectDirPath = "";
			projectRoot = "";
			targets = (
				EB5221EB15377A3A00785F97 /* Flickrgram */,
				EB52220B15377A3A00785F97 /* FlickrgramTests */,
			);
		};
/* End PBXProject section */

/* Begin PBXResourcesBuildPhase section */
		EB5221EA15377A3A00785F97 /* Resources */ = {
			isa = PBXResourcesBuildPhase;
			buildActionMask = 2147483647;
			files = (
				EB5221FD15377A3A00785F97 /* InfoPlist.strings in Resources */,
				EB69B251153CD46B003D8422 /* OATestServer.rb in Resources */,
				EB69B254153CD46B003D8422 /* README in Resources */,
				EB69B255153CD46B003D8422 /* 1.jpg in Resources */,
				EB69B256153CD46B003D8422 /* 10.jpg in Resources */,
				EB69B257153CD46B003D8422 /* 11.jpg in Resources */,
				EB69B258153CD46B003D8422 /* 12.jpg in Resources */,
				EB69B259153CD46B003D8422 /* 13.jpg in Resources */,
				EB69B25A153CD46B003D8422 /* 14.jpg in Resources */,
				EB69B25B153CD46B003D8422 /* 15.jpg in Resources */,
				EB69B25C153CD46B003D8422 /* 16.jpg in Resources */,
				EB69B25D153CD46B003D8422 /* 17.jpg in Resources */,
				EB69B25E153CD46B003D8422 /* 18.jpg in Resources */,
				EB69B25F153CD46B003D8422 /* 19.jpg in Resources */,
				EB69B260153CD46B003D8422 /* 2.jpg in Resources */,
				EB69B261153CD46B003D8422 /* 20.jpg in Resources */,
				EB69B262153CD46B003D8422 /* 3.jpg in Resources */,
				EB69B263153CD46B003D8422 /* 4.jpg in Resources */,
				EB69B264153CD46B003D8422 /* 5.jpg in Resources */,
				EB69B265153CD46B003D8422 /* 6.jpg in Resources */,
				EB69B266153CD46B003D8422 /* 7.jpg in Resources */,
				EB69B267153CD46B003D8422 /* 8.jpg in Resources */,
				EB69B268153CD46B003D8422 /* 9.jpg in Resources */,
			);
			runOnlyForDeploymentPostprocessing = 0;
		};
		EB52220915377A3A00785F97 /* Resources */ = {
			isa = PBXResourcesBuildPhase;
			buildActionMask = 2147483647;
			files = (
				EB52221915377A3A00785F97 /* InfoPlist.strings in Resources */,
			);
			runOnlyForDeploymentPostprocessing = 0;
		};
/* End PBXResourcesBuildPhase section */

/* Begin PBXShellScriptBuildPhase section */
		EB52220A15377A3A00785F97 /* ShellScript */ = {
			isa = PBXShellScriptBuildPhase;
			buildActionMask = 2147483647;
			files = (
			);
			inputPaths = (
			);
			outputPaths = (
			);
			runOnlyForDeploymentPostprocessing = 0;
			shellPath = /bin/sh;
			shellScript = "# Run the unit tests in this test bundle.\n\"${SYSTEM_DEVELOPER_DIR}/Tools/RunUnitTests\"\n";
		};
/* End PBXShellScriptBuildPhase section */

/* Begin PBXSourcesBuildPhase section */
		EB5221E815377A3A00785F97 /* Sources */ = {
			isa = PBXSourcesBuildPhase;
			buildActionMask = 2147483647;
			files = (
				EB69B1FA153CD42A003D8422 /* EMTLPhotoCell.h in Sources */,
				EB69B1FB153CD42A003D8422 /* EMTLPhotoCell.m in Sources */,
				EB69B1FC153CD42A003D8422 /* EMTLPhotoListViewController.h in Sources */,
				EB69B1FD153CD42A003D8422 /* EMTLPhotoListViewController.m in Sources */,
				EB69B1FE153CD42A003D8422 /* EMTLPhotoSource.h in Sources */,
				EB69B1FF153CD42A003D8422 /* EMTLPhotoSource.m in Sources */,
				EB5221FF15377A3A00785F97 /* main.m in Sources */,
				EB52220315377A3A00785F97 /* EMTLAppDelegate.m in Sources */,
				EB52220615377A3A00785F97 /* Flickrgram.xcdatamodeld in Sources */,
				EB69B241153CD46B003D8422 /* NSMutableURLRequest+Parameters.m in Sources */,
				EB69B242153CD46B003D8422 /* NSString+URLEncoding.m in Sources */,
				EB69B243153CD46B003D8422 /* NSURL+Base.m in Sources */,
				EB69B244153CD46B003D8422 /* Base64Transcoder.c in Sources */,
				EB69B245153CD46B003D8422 /* hmac.c in Sources */,
				EB69B246153CD46B003D8422 /* sha1.c in Sources */,
				EB69B247153CD46B003D8422 /* OAAttachment.m in Sources */,
				EB69B248153CD46B003D8422 /* OACall.m in Sources */,
				EB69B249153CD46B003D8422 /* OAConsumer.m in Sources */,
				EB69B24A153CD46B003D8422 /* OADataFetcher.m in Sources */,
				EB69B24B153CD46B003D8422 /* OAHMAC_SHA1SignatureProvider.m in Sources */,
				EB69B24C153CD46B003D8422 /* OAMutableURLRequest.m in Sources */,
				EB69B24D153CD46B003D8422 /* OAPlaintextSignatureProvider.m in Sources */,
				EB69B24E153CD46B003D8422 /* OAProblem.m in Sources */,
				EB69B24F153CD46B003D8422 /* OARequestParameter.m in Sources */,
				EB69B250153CD46B003D8422 /* OAServiceTicket.m in Sources */,
				EB69B252153CD46B003D8422 /* OAToken.m in Sources */,
				EB69B253153CD46B003D8422 /* OATokenManager.m in Sources */,
			);
			runOnlyForDeploymentPostprocessing = 0;
		};
		EB52220715377A3A00785F97 /* Sources */ = {
			isa = PBXSourcesBuildPhase;
			buildActionMask = 2147483647;
			files = (
				EB52221C15377A3A00785F97 /* FlickrgramTests.m in Sources */,
				EB69B1F6153CD26D003D8422 /* EMTLPhotoCell.m in Sources */,
				EB69B1F7153CD26D003D8422 /* EMTLPhotoListViewController.m in Sources */,
				EB69B1F8153CD26D003D8422 /* EMTLPhotoSource.m in Sources */,
			);
			runOnlyForDeploymentPostprocessing = 0;
		};
/* End PBXSourcesBuildPhase section */

/* Begin PBXTargetDependency section */
		EB52221315377A3A00785F97 /* PBXTargetDependency */ = {
			isa = PBXTargetDependency;
			target = EB5221EB15377A3A00785F97 /* Flickrgram */;
			targetProxy = EB52221215377A3A00785F97 /* PBXContainerItemProxy */;
		};
/* End PBXTargetDependency section */

/* Begin PBXVariantGroup section */
		EB5221FB15377A3A00785F97 /* InfoPlist.strings */ = {
			isa = PBXVariantGroup;
			children = (
				EB5221FC15377A3A00785F97 /* en */,
			);
			name = InfoPlist.strings;
			sourceTree = "<group>";
		};
		EB52221715377A3A00785F97 /* InfoPlist.strings */ = {
			isa = PBXVariantGroup;
			children = (
				EB52221815377A3A00785F97 /* en */,
			);
			name = InfoPlist.strings;
			sourceTree = "<group>";
		};
/* End PBXVariantGroup section */

/* Begin XCBuildConfiguration section */
		EB52221D15377A3A00785F97 /* Debug */ = {
			isa = XCBuildConfiguration;
			buildSettings = {
				ALWAYS_SEARCH_USER_PATHS = NO;
				ARCHS = "$(ARCHS_STANDARD_32_BIT)";
				CLANG_ENABLE_OBJC_ARC = YES;
				"CODE_SIGN_IDENTITY[sdk=iphoneos*]" = "iPhone Developer";
				COPY_PHASE_STRIP = NO;
				GCC_C_LANGUAGE_STANDARD = gnu99;
				GCC_DYNAMIC_NO_PIC = NO;
				GCC_OPTIMIZATION_LEVEL = 0;
				GCC_PREPROCESSOR_DEFINITIONS = (
					"DEBUG=1",
					"$(inherited)",
				);
				GCC_SYMBOLS_PRIVATE_EXTERN = NO;
				GCC_VERSION = com.apple.compilers.llvm.clang.1_0;
				GCC_WARN_ABOUT_RETURN_TYPE = YES;
				GCC_WARN_UNINITIALIZED_AUTOS = YES;
				GCC_WARN_UNUSED_VARIABLE = YES;
				IPHONEOS_DEPLOYMENT_TARGET = 5.1;
				SDKROOT = iphoneos;
			};
			name = Debug;
		};
		EB52221E15377A3A00785F97 /* Release */ = {
			isa = XCBuildConfiguration;
			buildSettings = {
				ALWAYS_SEARCH_USER_PATHS = NO;
				ARCHS = "$(ARCHS_STANDARD_32_BIT)";
				CLANG_ENABLE_OBJC_ARC = YES;
				"CODE_SIGN_IDENTITY[sdk=iphoneos*]" = "iPhone Developer";
				COPY_PHASE_STRIP = YES;
				GCC_C_LANGUAGE_STANDARD = gnu99;
				GCC_VERSION = com.apple.compilers.llvm.clang.1_0;
				GCC_WARN_ABOUT_RETURN_TYPE = YES;
				GCC_WARN_UNINITIALIZED_AUTOS = YES;
				GCC_WARN_UNUSED_VARIABLE = YES;
				IPHONEOS_DEPLOYMENT_TARGET = 5.1;
				OTHER_CFLAGS = "-DNS_BLOCK_ASSERTIONS=1";
				SDKROOT = iphoneos;
				VALIDATE_PRODUCT = YES;
			};
			name = Release;
		};
		EB52222015377A3A00785F97 /* Debug */ = {
			isa = XCBuildConfiguration;
			buildSettings = {
				GCC_PRECOMPILE_PREFIX_HEADER = YES;
				GCC_PREFIX_HEADER = "Flickrgram/Flickrgram-Prefix.pch";
				INFOPLIST_FILE = "Flickrgram/Flickrgram-Info.plist";
				PRODUCT_NAME = "$(TARGET_NAME)";
				WRAPPER_EXTENSION = app;
			};
			name = Debug;
		};
		EB52222115377A3A00785F97 /* Release */ = {
			isa = XCBuildConfiguration;
			buildSettings = {
				GCC_PRECOMPILE_PREFIX_HEADER = YES;
				GCC_PREFIX_HEADER = "Flickrgram/Flickrgram-Prefix.pch";
				INFOPLIST_FILE = "Flickrgram/Flickrgram-Info.plist";
				PRODUCT_NAME = "$(TARGET_NAME)";
				WRAPPER_EXTENSION = app;
			};
			name = Release;
		};
		EB52222315377A3A00785F97 /* Debug */ = {
			isa = XCBuildConfiguration;
			buildSettings = {
				BUNDLE_LOADER = "$(BUILT_PRODUCTS_DIR)/Flickrgram.app/Flickrgram";
				FRAMEWORK_SEARCH_PATHS = (
					"$(SDKROOT)/Developer/Library/Frameworks",
					"$(DEVELOPER_LIBRARY_DIR)/Frameworks",
				);
				GCC_PRECOMPILE_PREFIX_HEADER = YES;
				GCC_PREFIX_HEADER = "Flickrgram/Flickrgram-Prefix.pch";
				INFOPLIST_FILE = "FlickrgramTests/FlickrgramTests-Info.plist";
				PRODUCT_NAME = "$(TARGET_NAME)";
				TEST_HOST = "$(BUNDLE_LOADER)";
				WRAPPER_EXTENSION = octest;
			};
			name = Debug;
		};
		EB52222415377A3A00785F97 /* Release */ = {
			isa = XCBuildConfiguration;
			buildSettings = {
				BUNDLE_LOADER = "$(BUILT_PRODUCTS_DIR)/Flickrgram.app/Flickrgram";
				FRAMEWORK_SEARCH_PATHS = (
					"$(SDKROOT)/Developer/Library/Frameworks",
					"$(DEVELOPER_LIBRARY_DIR)/Frameworks",
				);
				GCC_PRECOMPILE_PREFIX_HEADER = YES;
				GCC_PREFIX_HEADER = "Flickrgram/Flickrgram-Prefix.pch";
				INFOPLIST_FILE = "FlickrgramTests/FlickrgramTests-Info.plist";
				PRODUCT_NAME = "$(TARGET_NAME)";
				TEST_HOST = "$(BUNDLE_LOADER)";
				WRAPPER_EXTENSION = octest;
			};
			name = Release;
		};
/* End XCBuildConfiguration section */

/* Begin XCConfigurationList section */
		EB5221E615377A3A00785F97 /* Build configuration list for PBXProject "Flickrgram" */ = {
			isa = XCConfigurationList;
			buildConfigurations = (
				EB52221D15377A3A00785F97 /* Debug */,
				EB52221E15377A3A00785F97 /* Release */,
			);
			defaultConfigurationIsVisible = 0;
			defaultConfigurationName = Release;
		};
		EB52221F15377A3A00785F97 /* Build configuration list for PBXNativeTarget "Flickrgram" */ = {
			isa = XCConfigurationList;
			buildConfigurations = (
				EB52222015377A3A00785F97 /* Debug */,
				EB52222115377A3A00785F97 /* Release */,
			);
			defaultConfigurationIsVisible = 0;
			defaultConfigurationName = Release;
		};
		EB52222215377A3A00785F97 /* Build configuration list for PBXNativeTarget "FlickrgramTests" */ = {
			isa = XCConfigurationList;
			buildConfigurations = (
				EB52222315377A3A00785F97 /* Debug */,
				EB52222415377A3A00785F97 /* Release */,
			);
			defaultConfigurationIsVisible = 0;
			defaultConfigurationName = Release;
		};
/* End XCConfigurationList section */

/* Begin XCVersionGroup section */
		EB52220415377A3A00785F97 /* Flickrgram.xcdatamodeld */ = {
			isa = XCVersionGroup;
			children = (
				EB52220515377A3A00785F97 /* Flickrgram.xcdatamodel */,
			);
			currentVersion = EB52220515377A3A00785F97 /* Flickrgram.xcdatamodel */;
			path = Flickrgram.xcdatamodeld;
			sourceTree = "<group>";
			versionGroupType = wrapper.xcdatamodel;
		};
/* End XCVersionGroup section */
	};
	rootObject = EB5221E315377A3A00785F97 /* Project object */;
}
